PODS:
  - ActionSheetPicker-3.0 (2.2.0)
  - Charts (3.0.2):
    - Charts/Core (= 3.0.2)
  - Charts/Core (3.0.2)
  - Realm (2.5.1):
    - Realm/Headers (= 2.5.1)
  - Realm/Headers (2.5.1)
  - RealmSwift (2.5.1):
    - Realm (= 2.5.1)
  - SideMenuController (0.2.4)

DEPENDENCIES:
  - ActionSheetPicker-3.0
  - Charts (from `https://github.com/danielgindi/Charts.git`, branch `master`)
  - Realm
  - RealmSwift
  - SideMenuController

EXTERNAL SOURCES:
  Charts:
    :branch: master
    :git: https://github.com/danielgindi/Charts.git

CHECKOUT OPTIONS:
  Charts:
    :commit: f23e872e7573f8c79862ff4822cfc5683703d424
    :git: https://github.com/danielgindi/Charts.git

SPEC CHECKSUMS:
  ActionSheetPicker-3.0: d11a4c12c6aaf704b8a3f56d179198c99f3e41e6
  Charts: e955b9a241a14a8971d70143002c8ab1610d26b6
  Realm: 32f86104d37c8521f864d4274050b38ba6190733
  RealmSwift: f719e7511c902b8908593e8f143f59e47931bdb6
  SideMenuController: b463d2b3aa58e2afe57f57a07938fa9a647894ca

PODFILE CHECKSUM: 5d1a2f4aaf30e6fa4f6a3af8c75a0515a1faa1e6

COCOAPODS: 1.2.0
