PODS:
  - Charts (3.0.2):
    - Charts/Core (= 3.0.2)
  - Charts/Core (3.0.2)
  - Realm (2.5.0):
    - Realm/Headers (= 2.5.0)
  - Realm/Headers (2.5.0)
  - RealmSwift (2.5.0):
    - Realm (= 2.5.0)

DEPENDENCIES:
  - Charts (from `https://github.com/danielgindi/Charts.git`, branch `master`)
  - Realm
  - RealmSwift

EXTERNAL SOURCES:
  Charts:
    :branch: master
    :git: https://github.com/danielgindi/Charts.git

CHECKOUT OPTIONS:
  Charts:
    :commit: f23e872e7573f8c79862ff4822cfc5683703d424
    :git: https://github.com/danielgindi/Charts.git

SPEC CHECKSUMS:
  Charts: e955b9a241a14a8971d70143002c8ab1610d26b6
  Realm: 62abce501668580092d2be9b6ba7324a3d5f906a
  RealmSwift: 9f1a8f624f2f153410115c2cb7d486be9976565d

PODFILE CHECKSUM: df9e06534afde3b1c4168686225c53acd5c7189d

COCOAPODS: 1.2.0
