PODS:
  - ActionSheetPicker-3.0 (2.2.0)
  - Charts (3.0.2):
    - Charts/Core (= 3.0.2)
  - Charts/Core (3.0.2)
  - Realm (2.6.2):
    - Realm/Headers (= 2.6.2)
  - Realm/Headers (2.6.2)
  - RealmSwift (2.6.2):
    - Realm (= 2.6.2)
  - SideMenuController (0.2.4)
  - SVProgressHUD (2.1.2)

DEPENDENCIES:
  - ActionSheetPicker-3.0 (from `https://github.com/ricardohg/ActionSheetPicker-3.0.git`, commit `1bb467539758e0bac35ba7b24677999a4616f6d8`)
  - Charts
  - Realm
  - RealmSwift
  - SideMenuController
  - SVProgressHUD

EXTERNAL SOURCES:
  ActionSheetPicker-3.0:
    :commit: 1bb467539758e0bac35ba7b24677999a4616f6d8
    :git: https://github.com/ricardohg/ActionSheetPicker-3.0.git

CHECKOUT OPTIONS:
  ActionSheetPicker-3.0:
    :commit: 1bb467539758e0bac35ba7b24677999a4616f6d8
    :git: https://github.com/ricardohg/ActionSheetPicker-3.0.git

SPEC CHECKSUMS:
  ActionSheetPicker-3.0: d11a4c12c6aaf704b8a3f56d179198c99f3e41e6
  Charts: 236d6ccdd0ce6feae151d89e829a7397381a21fd
  Realm: 29222766425b9f831228f81b63f0e38a97a4d700
  RealmSwift: d161a80f96cb91ae88391a7d5a9cf08024a7bc8e
  SideMenuController: b463d2b3aa58e2afe57f57a07938fa9a647894ca
  SVProgressHUD: c404a55d78acbeb7ebb78b76d3faf986475a6994

PODFILE CHECKSUM: ccaf05ca7c15122589280651842e1e7e918035ef

COCOAPODS: 1.2.1
