// !$*UTF8*$!
{
	archiveVersion = 1;
	classes = {
	};
	objectVersion = 46;
	objects = {

/* Begin PBXBuildFile section */
		01FC8C629D821129AE1F5C39 /* Pods_ZillianceTests.framework in Frameworks */ = {isa = PBXBuildFile; fileRef = DE7A740D362571F85742B547 /* Pods_ZillianceTests.framework */; };
		041C3CB71EA55BA100C52195 /* CustomSideViewController.swift in Sources */ = {isa = PBXBuildFile; fileRef = 041C3CB61EA55BA100C52195 /* CustomSideViewController.swift */; };
		041C3CBA1EA55C6400C52195 /* SideMenu.storyboard in Resources */ = {isa = PBXBuildFile; fileRef = 041C3CB91EA55C6400C52195 /* SideMenu.storyboard */; };
		041C3CBC1EA55D8D00C52195 /* LeftMenuViewController.swift in Sources */ = {isa = PBXBuildFile; fileRef = 041C3CBB1EA55D8D00C52195 /* LeftMenuViewController.swift */; };
		041C3CCE1EA7F5A000C52195 /* WebView.storyboard in Resources */ = {isa = PBXBuildFile; fileRef = 041C3CCD1EA7F5A000C52195 /* WebView.storyboard */; };
		041C3CD01EA7F65A00C52195 /* WebViewController.swift in Sources */ = {isa = PBXBuildFile; fileRef = 041C3CCF1EA7F65A00C52195 /* WebViewController.swift */; };
		041C3CD81EA8062500C52195 /* zilliance privacy policy.html in Resources */ = {isa = PBXBuildFile; fileRef = 041C3CD71EA8062500C52195 /* zilliance privacy policy.html */; };
		042576FF1EC10D27003C465F /* TextImprovementsExamples.plist in Resources */ = {isa = PBXBuildFile; fileRef = 042576FE1EC10D27003C465F /* TextImprovementsExamples.plist */; };
		042577011EC10D44003C465F /* TextImprovementsExamples.swift in Sources */ = {isa = PBXBuildFile; fileRef = 042577001EC10D44003C465F /* TextImprovementsExamples.swift */; };
		04647C721E97D8450040CA46 /* FineTuneActivity.storyboard in Resources */ = {isa = PBXBuildFile; fileRef = 04647C701E97D8450040CA46 /* FineTuneActivity.storyboard */; };
		04647C751E97D85C0040CA46 /* FineTuneActivityViewController.swift in Sources */ = {isa = PBXBuildFile; fileRef = 04647C741E97D85C0040CA46 /* FineTuneActivityViewController.swift */; };
		04647C7D1E9BFD4B0040CA46 /* AddSliceViewController.swift in Sources */ = {isa = PBXBuildFile; fileRef = 04647C7C1E9BFD4B0040CA46 /* AddSliceViewController.swift */; };
		0469D0AE1E944B700024EA39 /* UserActivity.swift in Sources */ = {isa = PBXBuildFile; fileRef = 0469D0AD1E944B700024EA39 /* UserActivity.swift */; };
		04B29A631E97AB340090E52E /* ItemsSelection.storyboard in Resources */ = {isa = PBXBuildFile; fileRef = 04B29A621E97AB340090E52E /* ItemsSelection.storyboard */; };
		04B29A651E97AB4A0090E52E /* ItemsSelectionViewController.swift in Sources */ = {isa = PBXBuildFile; fileRef = 04B29A641E97AB4A0090E52E /* ItemsSelectionViewController.swift */; };
		04B29A671E97AB680090E52E /* PartialSizePresentationController.swift in Sources */ = {isa = PBXBuildFile; fileRef = 04B29A661E97AB680090E52E /* PartialSizePresentationController.swift */; };
		04E6F5671E9E7FEC00EBD119 /* EmbeddedFeelingTableViewModel.swift in Sources */ = {isa = PBXBuildFile; fileRef = 04E6F5661E9E7FEC00EBD119 /* EmbeddedFeelingTableViewModel.swift */; };
		04E6F56C1E9F804000EBD119 /* DetachableObject.swift in Sources */ = {isa = PBXBuildFile; fileRef = 04E6F56B1E9F804000EBD119 /* DetachableObject.swift */; };
		04E6F56E1E9F8CDB00EBD119 /* EditActivityViewController.swift in Sources */ = {isa = PBXBuildFile; fileRef = 04E6F56D1E9F8CDB00EBD119 /* EditActivityViewController.swift */; };
		1E51585B238E77BA1CAA3F72 /* Pods_ZillianceUITests.framework in Frameworks */ = {isa = PBXBuildFile; fileRef = 1BD551A78B0B1A451D0EC85B /* Pods_ZillianceUITests.framework */; };
		6D62B4EDFBB711AD0B00D39E /* Pods_Zilliance.framework in Frameworks */ = {isa = PBXBuildFile; fileRef = 736C6E0154BDC836D0C0D4EB /* Pods_Zilliance.framework */; };
		8C0A87C91EB12D9C000E4188 /* PartialModalTransition.swift in Sources */ = {isa = PBXBuildFile; fileRef = 8C0A87C81EB12D9C000E4188 /* PartialModalTransition.swift */; };
		8C37CF001F0E94850083F38C /* Intro.storyboard in Resources */ = {isa = PBXBuildFile; fileRef = 8C37CEFF1F0E94850083F38C /* Intro.storyboard */; };
		8C37CF021F0EAEEB0083F38C /* IntroViewController.swift in Sources */ = {isa = PBXBuildFile; fileRef = 8C37CF011F0EAEEB0083F38C /* IntroViewController.swift */; };
		8C3EA45A1E92E6D000F56DED /* PieView.swift in Sources */ = {isa = PBXBuildFile; fileRef = 8C3EA4591E92E6D000F56DED /* PieView.swift */; };
		8C3EA4611E92E7BF00F56DED /* Database.swift in Sources */ = {isa = PBXBuildFile; fileRef = 8C3EA45C1E92E7BF00F56DED /* Database.swift */; };
		8C3EA4621E92E7BF00F56DED /* User.swift in Sources */ = {isa = PBXBuildFile; fileRef = 8C3EA45D1E92E7BF00F56DED /* User.swift */; };
		8C3EA4631E92E7BF00F56DED /* Activity.swift in Sources */ = {isa = PBXBuildFile; fileRef = 8C3EA45E1E92E7BF00F56DED /* Activity.swift */; };
		8C3EA4641E92E7BF00F56DED /* ArrayDataSource.swift in Sources */ = {isa = PBXBuildFile; fileRef = 8C3EA45F1E92E7BF00F56DED /* ArrayDataSource.swift */; };
		8C3EA4651E92E7BF00F56DED /* Value.swift in Sources */ = {isa = PBXBuildFile; fileRef = 8C3EA4601E92E7BF00F56DED /* Value.swift */; };
		8C3EA46F1E92E9D600F56DED /* UIImage+Extensions.swift in Sources */ = {isa = PBXBuildFile; fileRef = 8C3EA4671E92E9D600F56DED /* UIImage+Extensions.swift */; };
		8C3EA4701E92E9D600F56DED /* Int+Extensions.swift in Sources */ = {isa = PBXBuildFile; fileRef = 8C3EA4681E92E9D600F56DED /* Int+Extensions.swift */; };
		8C3EA4711E92E9D600F56DED /* Minutes+Extensions.swift in Sources */ = {isa = PBXBuildFile; fileRef = 8C3EA4691E92E9D600F56DED /* Minutes+Extensions.swift */; };
		8C3EA4721E92E9D600F56DED /* String+Extensions.swift in Sources */ = {isa = PBXBuildFile; fileRef = 8C3EA46A1E92E9D600F56DED /* String+Extensions.swift */; };
		8C3EA4731E92E9D600F56DED /* UIColor+CustomColors.swift in Sources */ = {isa = PBXBuildFile; fileRef = 8C3EA46B1E92E9D600F56DED /* UIColor+CustomColors.swift */; };
		8C3EA4741E92E9D600F56DED /* UIDevice+Extensions.swift in Sources */ = {isa = PBXBuildFile; fileRef = 8C3EA46C1E92E9D600F56DED /* UIDevice+Extensions.swift */; };
		8C3EA4751E92E9D600F56DED /* UIFont+CustomFonts.swift in Sources */ = {isa = PBXBuildFile; fileRef = 8C3EA46D1E92E9D600F56DED /* UIFont+CustomFonts.swift */; };
		8C3EA4761E92E9D600F56DED /* UIViewController+Extensions.swift in Sources */ = {isa = PBXBuildFile; fileRef = 8C3EA46E1E92E9D600F56DED /* UIViewController+Extensions.swift */; };
		8C3EA4781E92EF9C00F56DED /* HoursProgressView.swift in Sources */ = {isa = PBXBuildFile; fileRef = 8C3EA4771E92EF9C00F56DED /* HoursProgressView.swift */; };
		8C3EA47C1E92F0F100F56DED /* CalendarHelper.swift in Sources */ = {isa = PBXBuildFile; fileRef = 8C3EA47A1E92F0F100F56DED /* CalendarHelper.swift */; };
		8C3EA47D1E92F0F100F56DED /* LocalNotificationsHelper.swift in Sources */ = {isa = PBXBuildFile; fileRef = 8C3EA47B1E92F0F100F56DED /* LocalNotificationsHelper.swift */; };
		8C3EA48D1E93F85C00F56DED /* Muli-Black.ttf in Resources */ = {isa = PBXBuildFile; fileRef = 8C3EA47F1E93F85C00F56DED /* Muli-Black.ttf */; };
		8C3EA48E1E93F85C00F56DED /* Muli-BlackItalic.ttf in Resources */ = {isa = PBXBuildFile; fileRef = 8C3EA4801E93F85C00F56DED /* Muli-BlackItalic.ttf */; };
		8C3EA48F1E93F85C00F56DED /* Muli-Bold.ttf in Resources */ = {isa = PBXBuildFile; fileRef = 8C3EA4811E93F85C00F56DED /* Muli-Bold.ttf */; };
		8C3EA4901E93F85C00F56DED /* Muli-BoldItalic.ttf in Resources */ = {isa = PBXBuildFile; fileRef = 8C3EA4821E93F85C00F56DED /* Muli-BoldItalic.ttf */; };
		8C3EA4911E93F85C00F56DED /* Muli-ExtraBold.ttf in Resources */ = {isa = PBXBuildFile; fileRef = 8C3EA4831E93F85C00F56DED /* Muli-ExtraBold.ttf */; };
		8C3EA4921E93F85C00F56DED /* Muli-ExtraBoldItalic.ttf in Resources */ = {isa = PBXBuildFile; fileRef = 8C3EA4841E93F85C00F56DED /* Muli-ExtraBoldItalic.ttf */; };
		8C3EA4931E93F85C00F56DED /* Muli-ExtraLight.ttf in Resources */ = {isa = PBXBuildFile; fileRef = 8C3EA4851E93F85C00F56DED /* Muli-ExtraLight.ttf */; };
		8C3EA4941E93F85C00F56DED /* Muli-ExtraLightItalic.ttf in Resources */ = {isa = PBXBuildFile; fileRef = 8C3EA4861E93F85C00F56DED /* Muli-ExtraLightItalic.ttf */; };
		8C3EA4951E93F85C00F56DED /* Muli-Italic.ttf in Resources */ = {isa = PBXBuildFile; fileRef = 8C3EA4871E93F85C00F56DED /* Muli-Italic.ttf */; };
		8C3EA4961E93F85C00F56DED /* Muli-Light.ttf in Resources */ = {isa = PBXBuildFile; fileRef = 8C3EA4881E93F85C00F56DED /* Muli-Light.ttf */; };
		8C3EA4971E93F85C00F56DED /* Muli-LightItalic.ttf in Resources */ = {isa = PBXBuildFile; fileRef = 8C3EA4891E93F85C00F56DED /* Muli-LightItalic.ttf */; };
		8C3EA4981E93F85C00F56DED /* Muli-Regular.ttf in Resources */ = {isa = PBXBuildFile; fileRef = 8C3EA48A1E93F85C00F56DED /* Muli-Regular.ttf */; };
		8C3EA4991E93F85C00F56DED /* Muli-SemiBold.ttf in Resources */ = {isa = PBXBuildFile; fileRef = 8C3EA48B1E93F85C00F56DED /* Muli-SemiBold.ttf */; };
		8C3EA49A1E93F85C00F56DED /* Muli-SemiBoldItalic.ttf in Resources */ = {isa = PBXBuildFile; fileRef = 8C3EA48C1E93F85C00F56DED /* Muli-SemiBoldItalic.ttf */; };
		8C3EA49C1E9425A600F56DED /* Pie.storyboard in Resources */ = {isa = PBXBuildFile; fileRef = 8C3EA49B1E9425A600F56DED /* Pie.storyboard */; };
		8C3EA49E1E94274600F56DED /* PieViewController.swift in Sources */ = {isa = PBXBuildFile; fileRef = 8C3EA49D1E94274600F56DED /* PieViewController.swift */; };
		8C4D28C41E9694F800034A20 /* App.swift in Sources */ = {isa = PBXBuildFile; fileRef = 8C4D28C31E9694F800034A20 /* App.swift */; };
		8C4D28C71E96CFEE00034A20 /* Onboarding.storyboard in Resources */ = {isa = PBXBuildFile; fileRef = 8C4D28C61E96CFEE00034A20 /* Onboarding.storyboard */; };
		8C4D28C91E96D1A400034A20 /* OnboardingPageViewController.swift in Sources */ = {isa = PBXBuildFile; fileRef = 8C4D28C81E96D1A400034A20 /* OnboardingPageViewController.swift */; };
		8C4EAE191E9FCD3500D800E4 /* FavoriteActivityViewController.swift in Sources */ = {isa = PBXBuildFile; fileRef = 8C4EAE181E9FCD3500D800E4 /* FavoriteActivityViewController.swift */; };
		8C4EAE1B1EA15B2F00D800E4 /* FineTuneItems.storyboard in Resources */ = {isa = PBXBuildFile; fileRef = 8C4EAE1A1EA15B2F00D800E4 /* FineTuneItems.storyboard */; };
		8C51C0651EB27E1400A7BF34 /* ZillianceTextViewController.swift in Sources */ = {isa = PBXBuildFile; fileRef = 8C51C0641EB27E1400A7BF34 /* ZillianceTextViewController.swift */; };
		8CBBBE181E9558D600281C3C /* Calendar.storyboard in Resources */ = {isa = PBXBuildFile; fileRef = 8CBBBE171E9558D600281C3C /* Calendar.storyboard */; };
		8CBBBE1A1E9576F800281C3C /* AddToCalendarViewController.swift in Sources */ = {isa = PBXBuildFile; fileRef = 8CBBBE191E9576F800281C3C /* AddToCalendarViewController.swift */; };
		8CBBBE1D1E95890700281C3C /* AddCustom.storyboard in Resources */ = {isa = PBXBuildFile; fileRef = 8CBBBE1C1E95890700281C3C /* AddCustom.storyboard */; };
		8CBBBE201E958B6300281C3C /* AddActivityViewController.swift in Sources */ = {isa = PBXBuildFile; fileRef = 8CBBBE1E1E958B6300281C3C /* AddActivityViewController.swift */; };
		8CBBBE211E958B6300281C3C /* AddValuesViewController.swift in Sources */ = {isa = PBXBuildFile; fileRef = 8CBBBE1F1E958B6300281C3C /* AddValuesViewController.swift */; };
		8CBBBE231E95925700281C3C /* IconCollectionViewCell.swift in Sources */ = {isa = PBXBuildFile; fileRef = 8CBBBE221E95925700281C3C /* IconCollectionViewCell.swift */; };
		8CC4C95D1EB7C0A0004DF0D5 /* VideoPlayer.storyboard in Resources */ = {isa = PBXBuildFile; fileRef = 8CC4C95C1EB7C0A0004DF0D5 /* VideoPlayer.storyboard */; };
		8CC4C95F1EB7C0E5004DF0D5 /* VideoPlayerViewController.swift in Sources */ = {isa = PBXBuildFile; fileRef = 8CC4C95E1EB7C0E5004DF0D5 /* VideoPlayerViewController.swift */; };
		8CC4C9621EC1165C004DF0D5 /* ExamplePopUp.storyboard in Resources */ = {isa = PBXBuildFile; fileRef = 8CC4C9611EC1165C004DF0D5 /* ExamplePopUp.storyboard */; };
		8CC4C9641EC11889004DF0D5 /* ExamplePopUpViewController.swift in Sources */ = {isa = PBXBuildFile; fileRef = 8CC4C9631EC11889004DF0D5 /* ExamplePopUpViewController.swift */; };
		8CDAB8DA1E9BF42F006BFD4B /* FavoriteActivity.storyboard in Resources */ = {isa = PBXBuildFile; fileRef = 8CDAB8D91E9BF42F006BFD4B /* FavoriteActivity.storyboard */; };
		E311C3321EB126A700CF23D1 /* PieLegendView.swift in Sources */ = {isa = PBXBuildFile; fileRef = E311C3311EB126A700CF23D1 /* PieLegendView.swift */; };
		E311C3341EB135F800CF23D1 /* PieHintView.swift in Sources */ = {isa = PBXBuildFile; fileRef = E311C3331EB135F800CF23D1 /* PieHintView.swift */; };
		E314B6F21EBB93E0001D0FF5 /* faq.html in Resources */ = {isa = PBXBuildFile; fileRef = E314B6F11EBB93E0001D0FF5 /* faq.html */; };
		E33247971EB42A77009E112A /* UITableViewCell+Extensions.swift in Sources */ = {isa = PBXBuildFile; fileRef = E33247961EB42A77009E112A /* UITableViewCell+Extensions.swift */; };
		E35668321E8C15BA00ED81D9 /* AppDelegate.swift in Sources */ = {isa = PBXBuildFile; fileRef = E35668311E8C15BA00ED81D9 /* AppDelegate.swift */; };
		E35668391E8C15BA00ED81D9 /* Assets.xcassets in Resources */ = {isa = PBXBuildFile; fileRef = E35668381E8C15BA00ED81D9 /* Assets.xcassets */; };
		E356683C1E8C15BA00ED81D9 /* LaunchScreen.storyboard in Resources */ = {isa = PBXBuildFile; fileRef = E356683A1E8C15BA00ED81D9 /* LaunchScreen.storyboard */; };
		E35668471E8C15BA00ED81D9 /* ZillianceTests.swift in Sources */ = {isa = PBXBuildFile; fileRef = E35668461E8C15BA00ED81D9 /* ZillianceTests.swift */; };
		E35668521E8C15BA00ED81D9 /* ZillianceUITests.swift in Sources */ = {isa = PBXBuildFile; fileRef = E35668511E8C15BA00ED81D9 /* ZillianceUITests.swift */; };
		E3703C561EB3DA960004C5BD /* AboutCompanyViewController.swift in Sources */ = {isa = PBXBuildFile; fileRef = E3703C551EB3DA960004C5BD /* AboutCompanyViewController.swift */; };
		E3703C581EB3E8F80004C5BD /* PlacholderSidebarItemViewController.swift in Sources */ = {isa = PBXBuildFile; fileRef = E3703C571EB3E8F80004C5BD /* PlacholderSidebarItemViewController.swift */; };
		E38910E51EA698A5000E1511 /* UIViewController+Alerts.swift in Sources */ = {isa = PBXBuildFile; fileRef = E38910E41EA698A5000E1511 /* UIViewController+Alerts.swift */; };
		E39915DB1EC22EC500E9EE26 /* OnboardingPopover.swift in Sources */ = {isa = PBXBuildFile; fileRef = E39915DA1EC22EC500E9EE26 /* OnboardingPopover.swift */; };
		E39915DD1EC23BD700E9EE26 /* zilliance terms of service.html in Resources */ = {isa = PBXBuildFile; fileRef = E39915DC1EC23BD700E9EE26 /* zilliance terms of service.html */; };
		E3E80A451EA15526004A44AF /* UserActivityTableViewCell.swift in Sources */ = {isa = PBXBuildFile; fileRef = E3E80A441EA15526004A44AF /* UserActivityTableViewCell.swift */; };
		E3E80A471EA17CBB004A44AF /* FineTuneItemViewController.swift in Sources */ = {isa = PBXBuildFile; fileRef = E3E80A461EA17CBB004A44AF /* FineTuneItemViewController.swift */; };
/* End PBXBuildFile section */

/* Begin PBXContainerItemProxy section */
		E35668431E8C15BA00ED81D9 /* PBXContainerItemProxy */ = {
			isa = PBXContainerItemProxy;
			containerPortal = E35668261E8C15BA00ED81D9 /* Project object */;
			proxyType = 1;
			remoteGlobalIDString = E356682D1E8C15BA00ED81D9;
			remoteInfo = Zilliance;
		};
		E356684E1E8C15BA00ED81D9 /* PBXContainerItemProxy */ = {
			isa = PBXContainerItemProxy;
			containerPortal = E35668261E8C15BA00ED81D9 /* Project object */;
			proxyType = 1;
			remoteGlobalIDString = E356682D1E8C15BA00ED81D9;
			remoteInfo = Zilliance;
		};
/* End PBXContainerItemProxy section */

/* Begin PBXFileReference section */
		041C3CB61EA55BA100C52195 /* CustomSideViewController.swift */ = {isa = PBXFileReference; fileEncoding = 4; lastKnownFileType = sourcecode.swift; path = CustomSideViewController.swift; sourceTree = "<group>"; };
		041C3CB91EA55C6400C52195 /* SideMenu.storyboard */ = {isa = PBXFileReference; fileEncoding = 4; lastKnownFileType = file.storyboard; path = SideMenu.storyboard; sourceTree = "<group>"; };
		041C3CBB1EA55D8D00C52195 /* LeftMenuViewController.swift */ = {isa = PBXFileReference; fileEncoding = 4; lastKnownFileType = sourcecode.swift; name = LeftMenuViewController.swift; path = ViewControllers/LeftMenuViewController.swift; sourceTree = "<group>"; };
		041C3CCD1EA7F5A000C52195 /* WebView.storyboard */ = {isa = PBXFileReference; fileEncoding = 4; lastKnownFileType = file.storyboard; path = WebView.storyboard; sourceTree = "<group>"; };
		041C3CCF1EA7F65A00C52195 /* WebViewController.swift */ = {isa = PBXFileReference; fileEncoding = 4; lastKnownFileType = sourcecode.swift; name = WebViewController.swift; path = ViewControllers/WebViewController.swift; sourceTree = "<group>"; };
		041C3CD71EA8062500C52195 /* zilliance privacy policy.html */ = {isa = PBXFileReference; fileEncoding = 4; lastKnownFileType = text.html; path = "zilliance privacy policy.html"; sourceTree = "<group>"; };
		042576FE1EC10D27003C465F /* TextImprovementsExamples.plist */ = {isa = PBXFileReference; fileEncoding = 4; lastKnownFileType = text.plist.xml; name = TextImprovementsExamples.plist; path = Models/TextImprovementsExamples.plist; sourceTree = "<group>"; };
		042577001EC10D44003C465F /* TextImprovementsExamples.swift */ = {isa = PBXFileReference; fileEncoding = 4; lastKnownFileType = sourcecode.swift; name = TextImprovementsExamples.swift; path = Models/TextImprovementsExamples.swift; sourceTree = "<group>"; };
		04647C701E97D8450040CA46 /* FineTuneActivity.storyboard */ = {isa = PBXFileReference; fileEncoding = 4; lastKnownFileType = file.storyboard; path = FineTuneActivity.storyboard; sourceTree = "<group>"; };
		04647C741E97D85C0040CA46 /* FineTuneActivityViewController.swift */ = {isa = PBXFileReference; fileEncoding = 4; lastKnownFileType = sourcecode.swift; name = FineTuneActivityViewController.swift; path = ViewControllers/FineTuneActivityViewController.swift; sourceTree = "<group>"; };
		04647C7C1E9BFD4B0040CA46 /* AddSliceViewController.swift */ = {isa = PBXFileReference; fileEncoding = 4; lastKnownFileType = sourcecode.swift; lineEnding = 0; name = AddSliceViewController.swift; path = ViewControllers/AddSliceViewController.swift; sourceTree = "<group>"; xcLanguageSpecificationIdentifier = xcode.lang.swift; };
		0469D0AD1E944B700024EA39 /* UserActivity.swift */ = {isa = PBXFileReference; fileEncoding = 4; lastKnownFileType = sourcecode.swift; name = UserActivity.swift; path = Models/UserActivity.swift; sourceTree = "<group>"; };
		04B29A621E97AB340090E52E /* ItemsSelection.storyboard */ = {isa = PBXFileReference; fileEncoding = 4; lastKnownFileType = file.storyboard; path = ItemsSelection.storyboard; sourceTree = "<group>"; };
		04B29A641E97AB4A0090E52E /* ItemsSelectionViewController.swift */ = {isa = PBXFileReference; fileEncoding = 4; lastKnownFileType = sourcecode.swift; name = ItemsSelectionViewController.swift; path = ViewControllers/ItemsSelectionViewController.swift; sourceTree = "<group>"; };
		04B29A661E97AB680090E52E /* PartialSizePresentationController.swift */ = {isa = PBXFileReference; fileEncoding = 4; lastKnownFileType = sourcecode.swift; path = PartialSizePresentationController.swift; sourceTree = "<group>"; };
		04E6F5661E9E7FEC00EBD119 /* EmbeddedFeelingTableViewModel.swift */ = {isa = PBXFileReference; fileEncoding = 4; lastKnownFileType = sourcecode.swift; name = EmbeddedFeelingTableViewModel.swift; path = ViewControllers/EmbeddedFeelingTableViewModel.swift; sourceTree = "<group>"; };
		04E6F56B1E9F804000EBD119 /* DetachableObject.swift */ = {isa = PBXFileReference; fileEncoding = 4; lastKnownFileType = sourcecode.swift; name = DetachableObject.swift; path = Models/DetachableObject.swift; sourceTree = "<group>"; };
		04E6F56D1E9F8CDB00EBD119 /* EditActivityViewController.swift */ = {isa = PBXFileReference; fileEncoding = 4; lastKnownFileType = sourcecode.swift; name = EditActivityViewController.swift; path = ViewControllers/EditActivityViewController.swift; sourceTree = "<group>"; };
		1BD551A78B0B1A451D0EC85B /* Pods_ZillianceUITests.framework */ = {isa = PBXFileReference; explicitFileType = wrapper.framework; includeInIndex = 0; path = Pods_ZillianceUITests.framework; sourceTree = BUILT_PRODUCTS_DIR; };
		2D5A61EEA6A77027635EDAC1 /* Pods-Zilliance.debug.xcconfig */ = {isa = PBXFileReference; includeInIndex = 1; lastKnownFileType = text.xcconfig; name = "Pods-Zilliance.debug.xcconfig"; path = "Pods/Target Support Files/Pods-Zilliance/Pods-Zilliance.debug.xcconfig"; sourceTree = "<group>"; };
		3770342A51232B23DA4673E7 /* Pods-ZillianceUITests.debug.xcconfig */ = {isa = PBXFileReference; includeInIndex = 1; lastKnownFileType = text.xcconfig; name = "Pods-ZillianceUITests.debug.xcconfig"; path = "Pods/Target Support Files/Pods-ZillianceUITests/Pods-ZillianceUITests.debug.xcconfig"; sourceTree = "<group>"; };
		6023B31C79A6506116A83550 /* Pods-Zilliance.release.xcconfig */ = {isa = PBXFileReference; includeInIndex = 1; lastKnownFileType = text.xcconfig; name = "Pods-Zilliance.release.xcconfig"; path = "Pods/Target Support Files/Pods-Zilliance/Pods-Zilliance.release.xcconfig"; sourceTree = "<group>"; };
		6FED0BD8DBA2228B5E916020 /* Pods-ZillianceTests.debug.xcconfig */ = {isa = PBXFileReference; includeInIndex = 1; lastKnownFileType = text.xcconfig; name = "Pods-ZillianceTests.debug.xcconfig"; path = "Pods/Target Support Files/Pods-ZillianceTests/Pods-ZillianceTests.debug.xcconfig"; sourceTree = "<group>"; };
		736C6E0154BDC836D0C0D4EB /* Pods_Zilliance.framework */ = {isa = PBXFileReference; explicitFileType = wrapper.framework; includeInIndex = 0; path = Pods_Zilliance.framework; sourceTree = BUILT_PRODUCTS_DIR; };
		8C0A87C81EB12D9C000E4188 /* PartialModalTransition.swift */ = {isa = PBXFileReference; fileEncoding = 4; lastKnownFileType = sourcecode.swift; name = PartialModalTransition.swift; path = Models/Helpers/PartialModalTransition.swift; sourceTree = "<group>"; };
		8C37CEFF1F0E94850083F38C /* Intro.storyboard */ = {isa = PBXFileReference; fileEncoding = 4; lastKnownFileType = file.storyboard; path = Intro.storyboard; sourceTree = "<group>"; };
		8C37CF011F0EAEEB0083F38C /* IntroViewController.swift */ = {isa = PBXFileReference; fileEncoding = 4; lastKnownFileType = sourcecode.swift; name = IntroViewController.swift; path = ViewControllers/IntroViewController.swift; sourceTree = "<group>"; };
		8C3EA4591E92E6D000F56DED /* PieView.swift */ = {isa = PBXFileReference; fileEncoding = 4; lastKnownFileType = sourcecode.swift; name = PieView.swift; path = CustomViews/PieView.swift; sourceTree = "<group>"; };
		8C3EA45C1E92E7BF00F56DED /* Database.swift */ = {isa = PBXFileReference; fileEncoding = 4; lastKnownFileType = sourcecode.swift; lineEnding = 0; name = Database.swift; path = Models/Database.swift; sourceTree = "<group>"; xcLanguageSpecificationIdentifier = xcode.lang.swift; };
		8C3EA45D1E92E7BF00F56DED /* User.swift */ = {isa = PBXFileReference; fileEncoding = 4; lastKnownFileType = sourcecode.swift; name = User.swift; path = Models/User.swift; sourceTree = "<group>"; };
		8C3EA45E1E92E7BF00F56DED /* Activity.swift */ = {isa = PBXFileReference; fileEncoding = 4; lastKnownFileType = sourcecode.swift; name = Activity.swift; path = Models/Activity.swift; sourceTree = "<group>"; };
		8C3EA45F1E92E7BF00F56DED /* ArrayDataSource.swift */ = {isa = PBXFileReference; fileEncoding = 4; lastKnownFileType = sourcecode.swift; name = ArrayDataSource.swift; path = Models/ArrayDataSource.swift; sourceTree = "<group>"; };
		8C3EA4601E92E7BF00F56DED /* Value.swift */ = {isa = PBXFileReference; fileEncoding = 4; lastKnownFileType = sourcecode.swift; name = Value.swift; path = Models/Value.swift; sourceTree = "<group>"; };
		8C3EA4671E92E9D600F56DED /* UIImage+Extensions.swift */ = {isa = PBXFileReference; fileEncoding = 4; lastKnownFileType = sourcecode.swift; name = "UIImage+Extensions.swift"; path = "Extensions/UIImage+Extensions.swift"; sourceTree = "<group>"; };
		8C3EA4681E92E9D600F56DED /* Int+Extensions.swift */ = {isa = PBXFileReference; fileEncoding = 4; lastKnownFileType = sourcecode.swift; name = "Int+Extensions.swift"; path = "Extensions/Int+Extensions.swift"; sourceTree = "<group>"; };
		8C3EA4691E92E9D600F56DED /* Minutes+Extensions.swift */ = {isa = PBXFileReference; fileEncoding = 4; lastKnownFileType = sourcecode.swift; name = "Minutes+Extensions.swift"; path = "Extensions/Minutes+Extensions.swift"; sourceTree = "<group>"; };
		8C3EA46A1E92E9D600F56DED /* String+Extensions.swift */ = {isa = PBXFileReference; fileEncoding = 4; lastKnownFileType = sourcecode.swift; name = "String+Extensions.swift"; path = "Extensions/String+Extensions.swift"; sourceTree = "<group>"; };
		8C3EA46B1E92E9D600F56DED /* UIColor+CustomColors.swift */ = {isa = PBXFileReference; fileEncoding = 4; lastKnownFileType = sourcecode.swift; name = "UIColor+CustomColors.swift"; path = "Extensions/UIColor+CustomColors.swift"; sourceTree = "<group>"; };
		8C3EA46C1E92E9D600F56DED /* UIDevice+Extensions.swift */ = {isa = PBXFileReference; fileEncoding = 4; lastKnownFileType = sourcecode.swift; name = "UIDevice+Extensions.swift"; path = "Extensions/UIDevice+Extensions.swift"; sourceTree = "<group>"; };
		8C3EA46D1E92E9D600F56DED /* UIFont+CustomFonts.swift */ = {isa = PBXFileReference; fileEncoding = 4; lastKnownFileType = sourcecode.swift; name = "UIFont+CustomFonts.swift"; path = "Extensions/UIFont+CustomFonts.swift"; sourceTree = "<group>"; };
		8C3EA46E1E92E9D600F56DED /* UIViewController+Extensions.swift */ = {isa = PBXFileReference; fileEncoding = 4; lastKnownFileType = sourcecode.swift; name = "UIViewController+Extensions.swift"; path = "Extensions/UIViewController+Extensions.swift"; sourceTree = "<group>"; };
		8C3EA4771E92EF9C00F56DED /* HoursProgressView.swift */ = {isa = PBXFileReference; fileEncoding = 4; lastKnownFileType = sourcecode.swift; name = HoursProgressView.swift; path = CustomViews/HoursProgressView.swift; sourceTree = "<group>"; };
		8C3EA47A1E92F0F100F56DED /* CalendarHelper.swift */ = {isa = PBXFileReference; fileEncoding = 4; lastKnownFileType = sourcecode.swift; name = CalendarHelper.swift; path = Models/Helpers/CalendarHelper.swift; sourceTree = "<group>"; };
		8C3EA47B1E92F0F100F56DED /* LocalNotificationsHelper.swift */ = {isa = PBXFileReference; fileEncoding = 4; lastKnownFileType = sourcecode.swift; name = LocalNotificationsHelper.swift; path = Models/Helpers/LocalNotificationsHelper.swift; sourceTree = "<group>"; };
		8C3EA47F1E93F85C00F56DED /* Muli-Black.ttf */ = {isa = PBXFileReference; lastKnownFileType = file; name = "Muli-Black.ttf"; path = "Fonts/Muli-Black.ttf"; sourceTree = "<group>"; };
		8C3EA4801E93F85C00F56DED /* Muli-BlackItalic.ttf */ = {isa = PBXFileReference; lastKnownFileType = file; name = "Muli-BlackItalic.ttf"; path = "Fonts/Muli-BlackItalic.ttf"; sourceTree = "<group>"; };
		8C3EA4811E93F85C00F56DED /* Muli-Bold.ttf */ = {isa = PBXFileReference; lastKnownFileType = file; name = "Muli-Bold.ttf"; path = "Fonts/Muli-Bold.ttf"; sourceTree = "<group>"; };
		8C3EA4821E93F85C00F56DED /* Muli-BoldItalic.ttf */ = {isa = PBXFileReference; lastKnownFileType = file; name = "Muli-BoldItalic.ttf"; path = "Fonts/Muli-BoldItalic.ttf"; sourceTree = "<group>"; };
		8C3EA4831E93F85C00F56DED /* Muli-ExtraBold.ttf */ = {isa = PBXFileReference; lastKnownFileType = file; name = "Muli-ExtraBold.ttf"; path = "Fonts/Muli-ExtraBold.ttf"; sourceTree = "<group>"; };
		8C3EA4841E93F85C00F56DED /* Muli-ExtraBoldItalic.ttf */ = {isa = PBXFileReference; lastKnownFileType = file; name = "Muli-ExtraBoldItalic.ttf"; path = "Fonts/Muli-ExtraBoldItalic.ttf"; sourceTree = "<group>"; };
		8C3EA4851E93F85C00F56DED /* Muli-ExtraLight.ttf */ = {isa = PBXFileReference; lastKnownFileType = file; name = "Muli-ExtraLight.ttf"; path = "Fonts/Muli-ExtraLight.ttf"; sourceTree = "<group>"; };
		8C3EA4861E93F85C00F56DED /* Muli-ExtraLightItalic.ttf */ = {isa = PBXFileReference; lastKnownFileType = file; name = "Muli-ExtraLightItalic.ttf"; path = "Fonts/Muli-ExtraLightItalic.ttf"; sourceTree = "<group>"; };
		8C3EA4871E93F85C00F56DED /* Muli-Italic.ttf */ = {isa = PBXFileReference; lastKnownFileType = file; name = "Muli-Italic.ttf"; path = "Fonts/Muli-Italic.ttf"; sourceTree = "<group>"; };
		8C3EA4881E93F85C00F56DED /* Muli-Light.ttf */ = {isa = PBXFileReference; lastKnownFileType = file; name = "Muli-Light.ttf"; path = "Fonts/Muli-Light.ttf"; sourceTree = "<group>"; };
		8C3EA4891E93F85C00F56DED /* Muli-LightItalic.ttf */ = {isa = PBXFileReference; lastKnownFileType = file; name = "Muli-LightItalic.ttf"; path = "Fonts/Muli-LightItalic.ttf"; sourceTree = "<group>"; };
		8C3EA48A1E93F85C00F56DED /* Muli-Regular.ttf */ = {isa = PBXFileReference; lastKnownFileType = file; name = "Muli-Regular.ttf"; path = "Fonts/Muli-Regular.ttf"; sourceTree = "<group>"; };
		8C3EA48B1E93F85C00F56DED /* Muli-SemiBold.ttf */ = {isa = PBXFileReference; lastKnownFileType = file; name = "Muli-SemiBold.ttf"; path = "Fonts/Muli-SemiBold.ttf"; sourceTree = "<group>"; };
		8C3EA48C1E93F85C00F56DED /* Muli-SemiBoldItalic.ttf */ = {isa = PBXFileReference; lastKnownFileType = file; name = "Muli-SemiBoldItalic.ttf"; path = "Fonts/Muli-SemiBoldItalic.ttf"; sourceTree = "<group>"; };
		8C3EA49B1E9425A600F56DED /* Pie.storyboard */ = {isa = PBXFileReference; fileEncoding = 4; lastKnownFileType = file.storyboard; path = Pie.storyboard; sourceTree = "<group>"; };
		8C3EA49D1E94274600F56DED /* PieViewController.swift */ = {isa = PBXFileReference; fileEncoding = 4; lastKnownFileType = sourcecode.swift; name = PieViewController.swift; path = ViewControllers/PieViewController.swift; sourceTree = "<group>"; };
		8C4D28C31E9694F800034A20 /* App.swift */ = {isa = PBXFileReference; fileEncoding = 4; lastKnownFileType = sourcecode.swift; path = App.swift; sourceTree = "<group>"; };
		8C4D28C61E96CFEE00034A20 /* Onboarding.storyboard */ = {isa = PBXFileReference; fileEncoding = 4; lastKnownFileType = file.storyboard; path = Onboarding.storyboard; sourceTree = "<group>"; };
		8C4D28C81E96D1A400034A20 /* OnboardingPageViewController.swift */ = {isa = PBXFileReference; fileEncoding = 4; lastKnownFileType = sourcecode.swift; name = OnboardingPageViewController.swift; path = ViewControllers/OnboardingPageViewController.swift; sourceTree = "<group>"; };
		8C4EAE181E9FCD3500D800E4 /* FavoriteActivityViewController.swift */ = {isa = PBXFileReference; fileEncoding = 4; lastKnownFileType = sourcecode.swift; name = FavoriteActivityViewController.swift; path = ViewControllers/FavoriteActivityViewController.swift; sourceTree = "<group>"; };
		8C4EAE1A1EA15B2F00D800E4 /* FineTuneItems.storyboard */ = {isa = PBXFileReference; fileEncoding = 4; lastKnownFileType = file.storyboard; path = FineTuneItems.storyboard; sourceTree = "<group>"; };
		8C51C0641EB27E1400A7BF34 /* ZillianceTextViewController.swift */ = {isa = PBXFileReference; fileEncoding = 4; lastKnownFileType = sourcecode.swift; name = ZillianceTextViewController.swift; path = ViewControllers/ZillianceTextViewController.swift; sourceTree = "<group>"; };
		8CBBBE171E9558D600281C3C /* Calendar.storyboard */ = {isa = PBXFileReference; fileEncoding = 4; lastKnownFileType = file.storyboard; path = Calendar.storyboard; sourceTree = "<group>"; };
		8CBBBE191E9576F800281C3C /* AddToCalendarViewController.swift */ = {isa = PBXFileReference; fileEncoding = 4; lastKnownFileType = sourcecode.swift; name = AddToCalendarViewController.swift; path = ViewControllers/AddToCalendarViewController.swift; sourceTree = "<group>"; };
		8CBBBE1C1E95890700281C3C /* AddCustom.storyboard */ = {isa = PBXFileReference; fileEncoding = 4; lastKnownFileType = file.storyboard; path = AddCustom.storyboard; sourceTree = "<group>"; };
		8CBBBE1E1E958B6300281C3C /* AddActivityViewController.swift */ = {isa = PBXFileReference; fileEncoding = 4; lastKnownFileType = sourcecode.swift; name = AddActivityViewController.swift; path = ViewControllers/AddActivityViewController.swift; sourceTree = "<group>"; };
		8CBBBE1F1E958B6300281C3C /* AddValuesViewController.swift */ = {isa = PBXFileReference; fileEncoding = 4; lastKnownFileType = sourcecode.swift; lineEnding = 0; name = AddValuesViewController.swift; path = ViewControllers/AddValuesViewController.swift; sourceTree = "<group>"; xcLanguageSpecificationIdentifier = xcode.lang.swift; };
		8CBBBE221E95925700281C3C /* IconCollectionViewCell.swift */ = {isa = PBXFileReference; fileEncoding = 4; lastKnownFileType = sourcecode.swift; name = IconCollectionViewCell.swift; path = CustomCells/IconCollectionViewCell.swift; sourceTree = "<group>"; };
		8CC4C95C1EB7C0A0004DF0D5 /* VideoPlayer.storyboard */ = {isa = PBXFileReference; fileEncoding = 4; lastKnownFileType = file.storyboard; path = VideoPlayer.storyboard; sourceTree = "<group>"; };
		8CC4C95E1EB7C0E5004DF0D5 /* VideoPlayerViewController.swift */ = {isa = PBXFileReference; fileEncoding = 4; lastKnownFileType = sourcecode.swift; name = VideoPlayerViewController.swift; path = ViewControllers/VideoPlayerViewController.swift; sourceTree = "<group>"; };
		8CC4C9611EC1165C004DF0D5 /* ExamplePopUp.storyboard */ = {isa = PBXFileReference; fileEncoding = 4; lastKnownFileType = file.storyboard; path = ExamplePopUp.storyboard; sourceTree = "<group>"; };
		8CC4C9631EC11889004DF0D5 /* ExamplePopUpViewController.swift */ = {isa = PBXFileReference; fileEncoding = 4; lastKnownFileType = sourcecode.swift; name = ExamplePopUpViewController.swift; path = ViewControllers/ExamplePopUpViewController.swift; sourceTree = "<group>"; };
		8CDAB8D91E9BF42F006BFD4B /* FavoriteActivity.storyboard */ = {isa = PBXFileReference; fileEncoding = 4; lastKnownFileType = file.storyboard; path = FavoriteActivity.storyboard; sourceTree = "<group>"; };
		D2CBE99AE0B6F1497DB66ABA /* Pods-ZillianceTests.release.xcconfig */ = {isa = PBXFileReference; includeInIndex = 1; lastKnownFileType = text.xcconfig; name = "Pods-ZillianceTests.release.xcconfig"; path = "Pods/Target Support Files/Pods-ZillianceTests/Pods-ZillianceTests.release.xcconfig"; sourceTree = "<group>"; };
		DE7A740D362571F85742B547 /* Pods_ZillianceTests.framework */ = {isa = PBXFileReference; explicitFileType = wrapper.framework; includeInIndex = 0; path = Pods_ZillianceTests.framework; sourceTree = BUILT_PRODUCTS_DIR; };
		E311C3311EB126A700CF23D1 /* PieLegendView.swift */ = {isa = PBXFileReference; fileEncoding = 4; lastKnownFileType = sourcecode.swift; path = PieLegendView.swift; sourceTree = "<group>"; };
		E311C3331EB135F800CF23D1 /* PieHintView.swift */ = {isa = PBXFileReference; fileEncoding = 4; lastKnownFileType = sourcecode.swift; path = PieHintView.swift; sourceTree = "<group>"; };
		E314B6F11EBB93E0001D0FF5 /* faq.html */ = {isa = PBXFileReference; fileEncoding = 4; lastKnownFileType = text.html; path = faq.html; sourceTree = "<group>"; };
		E33247961EB42A77009E112A /* UITableViewCell+Extensions.swift */ = {isa = PBXFileReference; fileEncoding = 4; lastKnownFileType = sourcecode.swift; path = "UITableViewCell+Extensions.swift"; sourceTree = "<group>"; };
		E356682E1E8C15BA00ED81D9 /* Zilliance.app */ = {isa = PBXFileReference; explicitFileType = wrapper.application; includeInIndex = 0; path = Zilliance.app; sourceTree = BUILT_PRODUCTS_DIR; };
		E35668311E8C15BA00ED81D9 /* AppDelegate.swift */ = {isa = PBXFileReference; lastKnownFileType = sourcecode.swift; path = AppDelegate.swift; sourceTree = "<group>"; };
		E35668381E8C15BA00ED81D9 /* Assets.xcassets */ = {isa = PBXFileReference; lastKnownFileType = folder.assetcatalog; path = Assets.xcassets; sourceTree = "<group>"; };
		E356683B1E8C15BA00ED81D9 /* Base */ = {isa = PBXFileReference; lastKnownFileType = file.storyboard; name = Base; path = Base.lproj/LaunchScreen.storyboard; sourceTree = "<group>"; };
		E356683D1E8C15BA00ED81D9 /* Info.plist */ = {isa = PBXFileReference; lastKnownFileType = text.plist.xml; path = Info.plist; sourceTree = "<group>"; };
		E35668421E8C15BA00ED81D9 /* ZillianceTests.xctest */ = {isa = PBXFileReference; explicitFileType = wrapper.cfbundle; includeInIndex = 0; path = ZillianceTests.xctest; sourceTree = BUILT_PRODUCTS_DIR; };
		E35668461E8C15BA00ED81D9 /* ZillianceTests.swift */ = {isa = PBXFileReference; lastKnownFileType = sourcecode.swift; path = ZillianceTests.swift; sourceTree = "<group>"; };
		E35668481E8C15BA00ED81D9 /* Info.plist */ = {isa = PBXFileReference; lastKnownFileType = text.plist.xml; path = Info.plist; sourceTree = "<group>"; };
		E356684D1E8C15BA00ED81D9 /* ZillianceUITests.xctest */ = {isa = PBXFileReference; explicitFileType = wrapper.cfbundle; includeInIndex = 0; path = ZillianceUITests.xctest; sourceTree = BUILT_PRODUCTS_DIR; };
		E35668511E8C15BA00ED81D9 /* ZillianceUITests.swift */ = {isa = PBXFileReference; lastKnownFileType = sourcecode.swift; path = ZillianceUITests.swift; sourceTree = "<group>"; };
		E35668531E8C15BA00ED81D9 /* Info.plist */ = {isa = PBXFileReference; lastKnownFileType = text.plist.xml; path = Info.plist; sourceTree = "<group>"; };
		E3703C551EB3DA960004C5BD /* AboutCompanyViewController.swift */ = {isa = PBXFileReference; fileEncoding = 4; lastKnownFileType = sourcecode.swift; path = AboutCompanyViewController.swift; sourceTree = "<group>"; };
		E3703C571EB3E8F80004C5BD /* PlacholderSidebarItemViewController.swift */ = {isa = PBXFileReference; fileEncoding = 4; lastKnownFileType = sourcecode.swift; path = PlacholderSidebarItemViewController.swift; sourceTree = "<group>"; };
		E38910E41EA698A5000E1511 /* UIViewController+Alerts.swift */ = {isa = PBXFileReference; fileEncoding = 4; lastKnownFileType = sourcecode.swift; name = "UIViewController+Alerts.swift"; path = "Extensions/UIViewController+Alerts.swift"; sourceTree = "<group>"; };
		E39915DA1EC22EC500E9EE26 /* OnboardingPopover.swift */ = {isa = PBXFileReference; fileEncoding = 4; lastKnownFileType = sourcecode.swift; path = OnboardingPopover.swift; sourceTree = "<group>"; };
		E39915DC1EC23BD700E9EE26 /* zilliance terms of service.html */ = {isa = PBXFileReference; fileEncoding = 4; lastKnownFileType = text.html; path = "zilliance terms of service.html"; sourceTree = "<group>"; };
		E3E80A441EA15526004A44AF /* UserActivityTableViewCell.swift */ = {isa = PBXFileReference; fileEncoding = 4; lastKnownFileType = sourcecode.swift; name = UserActivityTableViewCell.swift; path = CustomCells/UserActivityTableViewCell.swift; sourceTree = "<group>"; };
		E3E80A461EA17CBB004A44AF /* FineTuneItemViewController.swift */ = {isa = PBXFileReference; fileEncoding = 4; lastKnownFileType = sourcecode.swift; path = FineTuneItemViewController.swift; sourceTree = "<group>"; };
		FEC5A0602B35F92656E0CD4F /* Pods-ZillianceUITests.release.xcconfig */ = {isa = PBXFileReference; includeInIndex = 1; lastKnownFileType = text.xcconfig; name = "Pods-ZillianceUITests.release.xcconfig"; path = "Pods/Target Support Files/Pods-ZillianceUITests/Pods-ZillianceUITests.release.xcconfig"; sourceTree = "<group>"; };
/* End PBXFileReference section */

/* Begin PBXFrameworksBuildPhase section */
		E356682B1E8C15BA00ED81D9 /* Frameworks */ = {
			isa = PBXFrameworksBuildPhase;
			buildActionMask = 2147483647;
			files = (
				6D62B4EDFBB711AD0B00D39E /* Pods_Zilliance.framework in Frameworks */,
			);
			runOnlyForDeploymentPostprocessing = 0;
		};
		E356683F1E8C15BA00ED81D9 /* Frameworks */ = {
			isa = PBXFrameworksBuildPhase;
			buildActionMask = 2147483647;
			files = (
				01FC8C629D821129AE1F5C39 /* Pods_ZillianceTests.framework in Frameworks */,
			);
			runOnlyForDeploymentPostprocessing = 0;
		};
		E356684A1E8C15BA00ED81D9 /* Frameworks */ = {
			isa = PBXFrameworksBuildPhase;
			buildActionMask = 2147483647;
			files = (
				1E51585B238E77BA1CAA3F72 /* Pods_ZillianceUITests.framework in Frameworks */,
			);
			runOnlyForDeploymentPostprocessing = 0;
		};
/* End PBXFrameworksBuildPhase section */

/* Begin PBXGroup section */
		041C3CB81EA55C4800C52195 /* Side Menu */ = {
			isa = PBXGroup;
			children = (
				041C3CB91EA55C6400C52195 /* SideMenu.storyboard */,
				041C3CB61EA55BA100C52195 /* CustomSideViewController.swift */,
				041C3CBB1EA55D8D00C52195 /* LeftMenuViewController.swift */,
				E3703C551EB3DA960004C5BD /* AboutCompanyViewController.swift */,
				E3703C571EB3E8F80004C5BD /* PlacholderSidebarItemViewController.swift */,
				041C3CCD1EA7F5A000C52195 /* WebView.storyboard */,
				041C3CCF1EA7F65A00C52195 /* WebViewController.swift */,
				8CC4C95C1EB7C0A0004DF0D5 /* VideoPlayer.storyboard */,
				8CC4C95E1EB7C0E5004DF0D5 /* VideoPlayerViewController.swift */,
			);
			name = "Side Menu";
			sourceTree = "<group>";
		};
		041C3CCA1EA7E81C00C52195 /* Resources */ = {
			isa = PBXGroup;
			children = (
				E39915DC1EC23BD700E9EE26 /* zilliance terms of service.html */,
				041C3CD71EA8062500C52195 /* zilliance privacy policy.html */,
				E314B6F11EBB93E0001D0FF5 /* faq.html */,
			);
			name = Resources;
			sourceTree = "<group>";
		};
		04647C6F1E97D82D0040CA46 /* Fine Tune Activity */ = {
			isa = PBXGroup;
			children = (
				04647C701E97D8450040CA46 /* FineTuneActivity.storyboard */,
				8C4EAE1A1EA15B2F00D800E4 /* FineTuneItems.storyboard */,
				04647C741E97D85C0040CA46 /* FineTuneActivityViewController.swift */,
				E3E80A461EA17CBB004A44AF /* FineTuneItemViewController.swift */,
			);
			name = "Fine Tune Activity";
			sourceTree = "<group>";
		};
		04B29A611E97AB000090E52E /* Item Selection */ = {
			isa = PBXGroup;
			children = (
				04B29A641E97AB4A0090E52E /* ItemsSelectionViewController.swift */,
				04B29A621E97AB340090E52E /* ItemsSelection.storyboard */,
			);
			name = "Item Selection";
			sourceTree = "<group>";
		};
		5C16863DDD8A6468C22F4373 /* Pods */ = {
			isa = PBXGroup;
			children = (
				2D5A61EEA6A77027635EDAC1 /* Pods-Zilliance.debug.xcconfig */,
				6023B31C79A6506116A83550 /* Pods-Zilliance.release.xcconfig */,
				6FED0BD8DBA2228B5E916020 /* Pods-ZillianceTests.debug.xcconfig */,
				D2CBE99AE0B6F1497DB66ABA /* Pods-ZillianceTests.release.xcconfig */,
				3770342A51232B23DA4673E7 /* Pods-ZillianceUITests.debug.xcconfig */,
				FEC5A0602B35F92656E0CD4F /* Pods-ZillianceUITests.release.xcconfig */,
			);
			name = Pods;
			sourceTree = "<group>";
		};
		8C37CEFE1F0E94460083F38C /* Intro */ = {
			isa = PBXGroup;
			children = (
				8C37CEFF1F0E94850083F38C /* Intro.storyboard */,
				8C37CF011F0EAEEB0083F38C /* IntroViewController.swift */,
			);
			name = Intro;
			sourceTree = "<group>";
		};
		8C3EA4571E92E4FD00F56DED /* Scenes */ = {
			isa = PBXGroup;
			children = (
				8C37CEFE1F0E94460083F38C /* Intro */,
				041C3CB81EA55C4800C52195 /* Side Menu */,
				04647C6F1E97D82D0040CA46 /* Fine Tune Activity */,
				8CC4C9601EC11617004DF0D5 /* Fine Tune Example */,
				04B29A611E97AB000090E52E /* Item Selection */,
				8C4D28C51E96CFC300034A20 /* Onboarding */,
				8CBBBE1B1E9588E700281C3C /* Add-Edit Activity */,
				8CBBBE161E9558A300281C3C /* Schedule */,
				8C3EA4581E92E50600F56DED /* Pie */,
			);
			name = Scenes;
			sourceTree = "<group>";
		};
		8C3EA4581E92E50600F56DED /* Pie */ = {
			isa = PBXGroup;
			children = (
				8C3EA49B1E9425A600F56DED /* Pie.storyboard */,
				8C3EA49D1E94274600F56DED /* PieViewController.swift */,
				8C3EA4771E92EF9C00F56DED /* HoursProgressView.swift */,
				8C3EA4591E92E6D000F56DED /* PieView.swift */,
				E311C3311EB126A700CF23D1 /* PieLegendView.swift */,
				E311C3331EB135F800CF23D1 /* PieHintView.swift */,
			);
			name = Pie;
			sourceTree = "<group>";
		};
		8C3EA45B1E92E72200F56DED /* Models */ = {
			isa = PBXGroup;
			children = (
				8C3EA45C1E92E7BF00F56DED /* Database.swift */,
				8C3EA45D1E92E7BF00F56DED /* User.swift */,
				8C3EA45E1E92E7BF00F56DED /* Activity.swift */,
				8C3EA4601E92E7BF00F56DED /* Value.swift */,
				0469D0AD1E944B700024EA39 /* UserActivity.swift */,
			);
			name = Models;
			sourceTree = "<group>";
		};
		8C3EA4661E92E9B400F56DED /* Extensions */ = {
			isa = PBXGroup;
			children = (
				8C3EA4671E92E9D600F56DED /* UIImage+Extensions.swift */,
				8C3EA4681E92E9D600F56DED /* Int+Extensions.swift */,
				8C3EA4691E92E9D600F56DED /* Minutes+Extensions.swift */,
				8C3EA46A1E92E9D600F56DED /* String+Extensions.swift */,
				8C3EA46B1E92E9D600F56DED /* UIColor+CustomColors.swift */,
				8C3EA46C1E92E9D600F56DED /* UIDevice+Extensions.swift */,
				8C3EA46D1E92E9D600F56DED /* UIFont+CustomFonts.swift */,
				8C3EA46E1E92E9D600F56DED /* UIViewController+Extensions.swift */,
				E38910E41EA698A5000E1511 /* UIViewController+Alerts.swift */,
				E33247961EB42A77009E112A /* UITableViewCell+Extensions.swift */,
			);
			name = Extensions;
			sourceTree = "<group>";
		};
		8C3EA4791E92F0E400F56DED /* Helpers */ = {
			isa = PBXGroup;
			children = (
				04B29A661E97AB680090E52E /* PartialSizePresentationController.swift */,
				8C0A87C81EB12D9C000E4188 /* PartialModalTransition.swift */,
				8C3EA45F1E92E7BF00F56DED /* ArrayDataSource.swift */,
				8C3EA47A1E92F0F100F56DED /* CalendarHelper.swift */,
				8C3EA47B1E92F0F100F56DED /* LocalNotificationsHelper.swift */,
				04E6F56B1E9F804000EBD119 /* DetachableObject.swift */,
				042576FE1EC10D27003C465F /* TextImprovementsExamples.plist */,
				042577001EC10D44003C465F /* TextImprovementsExamples.swift */,
				E39915DA1EC22EC500E9EE26 /* OnboardingPopover.swift */,
			);
			name = Helpers;
			sourceTree = "<group>";
		};
		8C3EA47E1E93F84B00F56DED /* Fonts */ = {
			isa = PBXGroup;
			children = (
				8C3EA47F1E93F85C00F56DED /* Muli-Black.ttf */,
				8C3EA4801E93F85C00F56DED /* Muli-BlackItalic.ttf */,
				8C3EA4811E93F85C00F56DED /* Muli-Bold.ttf */,
				8C3EA4821E93F85C00F56DED /* Muli-BoldItalic.ttf */,
				8C3EA4831E93F85C00F56DED /* Muli-ExtraBold.ttf */,
				8C3EA4841E93F85C00F56DED /* Muli-ExtraBoldItalic.ttf */,
				8C3EA4851E93F85C00F56DED /* Muli-ExtraLight.ttf */,
				8C3EA4861E93F85C00F56DED /* Muli-ExtraLightItalic.ttf */,
				8C3EA4871E93F85C00F56DED /* Muli-Italic.ttf */,
				8C3EA4881E93F85C00F56DED /* Muli-Light.ttf */,
				8C3EA4891E93F85C00F56DED /* Muli-LightItalic.ttf */,
				8C3EA48A1E93F85C00F56DED /* Muli-Regular.ttf */,
				8C3EA48B1E93F85C00F56DED /* Muli-SemiBold.ttf */,
				8C3EA48C1E93F85C00F56DED /* Muli-SemiBoldItalic.ttf */,
			);
			name = Fonts;
			sourceTree = "<group>";
		};
		8C4D28C51E96CFC300034A20 /* Onboarding */ = {
			isa = PBXGroup;
			children = (
				8C4D28C61E96CFEE00034A20 /* Onboarding.storyboard */,
				8CDAB8D91E9BF42F006BFD4B /* FavoriteActivity.storyboard */,
				8C4D28C81E96D1A400034A20 /* OnboardingPageViewController.swift */,
				8C4EAE181E9FCD3500D800E4 /* FavoriteActivityViewController.swift */,
				E3E80A441EA15526004A44AF /* UserActivityTableViewCell.swift */,
			);
			name = Onboarding;
			sourceTree = "<group>";
		};
		8CBBBE161E9558A300281C3C /* Schedule */ = {
			isa = PBXGroup;
			children = (
				8CBBBE171E9558D600281C3C /* Calendar.storyboard */,
				8CBBBE191E9576F800281C3C /* AddToCalendarViewController.swift */,
				8C51C0641EB27E1400A7BF34 /* ZillianceTextViewController.swift */,
			);
			name = Schedule;
			sourceTree = "<group>";
		};
		8CBBBE1B1E9588E700281C3C /* Add-Edit Activity */ = {
			isa = PBXGroup;
			children = (
				04647C7C1E9BFD4B0040CA46 /* AddSliceViewController.swift */,
				04E6F56D1E9F8CDB00EBD119 /* EditActivityViewController.swift */,
				8CBBBE1C1E95890700281C3C /* AddCustom.storyboard */,
				8CBBBE1E1E958B6300281C3C /* AddActivityViewController.swift */,
				8CBBBE221E95925700281C3C /* IconCollectionViewCell.swift */,
				8CBBBE1F1E958B6300281C3C /* AddValuesViewController.swift */,
				04E6F5661E9E7FEC00EBD119 /* EmbeddedFeelingTableViewModel.swift */,
			);
			name = "Add-Edit Activity";
			sourceTree = "<group>";
		};
		8CC4C9601EC11617004DF0D5 /* Fine Tune Example */ = {
			isa = PBXGroup;
			children = (
				8CC4C9611EC1165C004DF0D5 /* ExamplePopUp.storyboard */,
				8CC4C9631EC11889004DF0D5 /* ExamplePopUpViewController.swift */,
			);
			name = "Fine Tune Example";
			sourceTree = "<group>";
		};
		CC4F20BFD0C98666558B4DD6 /* Frameworks */ = {
			isa = PBXGroup;
			children = (
				736C6E0154BDC836D0C0D4EB /* Pods_Zilliance.framework */,
				DE7A740D362571F85742B547 /* Pods_ZillianceTests.framework */,
				1BD551A78B0B1A451D0EC85B /* Pods_ZillianceUITests.framework */,
			);
			name = Frameworks;
			sourceTree = "<group>";
		};
		E35668251E8C15BA00ED81D9 = {
			isa = PBXGroup;
			children = (
				E35668301E8C15BA00ED81D9 /* Zilliance */,
				E35668451E8C15BA00ED81D9 /* ZillianceTests */,
				E35668501E8C15BA00ED81D9 /* ZillianceUITests */,
				E356682F1E8C15BA00ED81D9 /* Products */,
				5C16863DDD8A6468C22F4373 /* Pods */,
				CC4F20BFD0C98666558B4DD6 /* Frameworks */,
			);
			sourceTree = "<group>";
		};
		E356682F1E8C15BA00ED81D9 /* Products */ = {
			isa = PBXGroup;
			children = (
				E356682E1E8C15BA00ED81D9 /* Zilliance.app */,
				E35668421E8C15BA00ED81D9 /* ZillianceTests.xctest */,
				E356684D1E8C15BA00ED81D9 /* ZillianceUITests.xctest */,
			);
			name = Products;
			sourceTree = "<group>";
		};
		E35668301E8C15BA00ED81D9 /* Zilliance */ = {
			isa = PBXGroup;
			children = (
				041C3CCA1EA7E81C00C52195 /* Resources */,
				8C4D28C31E9694F800034A20 /* App.swift */,
				E35668311E8C15BA00ED81D9 /* AppDelegate.swift */,
				8C3EA4571E92E4FD00F56DED /* Scenes */,
				8C3EA45B1E92E72200F56DED /* Models */,
				8C3EA4791E92F0E400F56DED /* Helpers */,
				8C3EA4661E92E9B400F56DED /* Extensions */,
				8C3EA47E1E93F84B00F56DED /* Fonts */,
				E35668381E8C15BA00ED81D9 /* Assets.xcassets */,
				E356683A1E8C15BA00ED81D9 /* LaunchScreen.storyboard */,
				E356683D1E8C15BA00ED81D9 /* Info.plist */,
			);
			path = Zilliance;
			sourceTree = "<group>";
		};
		E35668451E8C15BA00ED81D9 /* ZillianceTests */ = {
			isa = PBXGroup;
			children = (
				E35668461E8C15BA00ED81D9 /* ZillianceTests.swift */,
				E35668481E8C15BA00ED81D9 /* Info.plist */,
			);
			path = ZillianceTests;
			sourceTree = "<group>";
		};
		E35668501E8C15BA00ED81D9 /* ZillianceUITests */ = {
			isa = PBXGroup;
			children = (
				E35668511E8C15BA00ED81D9 /* ZillianceUITests.swift */,
				E35668531E8C15BA00ED81D9 /* Info.plist */,
			);
			path = ZillianceUITests;
			sourceTree = "<group>";
		};
/* End PBXGroup section */

/* Begin PBXNativeTarget section */
		E356682D1E8C15BA00ED81D9 /* Zilliance */ = {
			isa = PBXNativeTarget;
			buildConfigurationList = E35668561E8C15BA00ED81D9 /* Build configuration list for PBXNativeTarget "Zilliance" */;
			buildPhases = (
				E62C2671758F4752F2EE9B07 /* [CP] Check Pods Manifest.lock */,
				E356682A1E8C15BA00ED81D9 /* Sources */,
				E356682B1E8C15BA00ED81D9 /* Frameworks */,
				E356682C1E8C15BA00ED81D9 /* Resources */,
				AF912AD82B1A11D552E45AA7 /* [CP] Embed Pods Frameworks */,
				CC96D57B1A0C8E46B6E821FD /* [CP] Copy Pods Resources */,
			);
			buildRules = (
			);
			dependencies = (
			);
			name = Zilliance;
			productName = Zilliance;
			productReference = E356682E1E8C15BA00ED81D9 /* Zilliance.app */;
			productType = "com.apple.product-type.application";
		};
		E35668411E8C15BA00ED81D9 /* ZillianceTests */ = {
			isa = PBXNativeTarget;
			buildConfigurationList = E35668591E8C15BA00ED81D9 /* Build configuration list for PBXNativeTarget "ZillianceTests" */;
			buildPhases = (
				2547C34033AD84E194E98274 /* [CP] Check Pods Manifest.lock */,
				E356683E1E8C15BA00ED81D9 /* Sources */,
				E356683F1E8C15BA00ED81D9 /* Frameworks */,
				E35668401E8C15BA00ED81D9 /* Resources */,
				86A7359668FF68C4A057FC40 /* [CP] Embed Pods Frameworks */,
				220460F294D733D5D1939564 /* [CP] Copy Pods Resources */,
			);
			buildRules = (
			);
			dependencies = (
				E35668441E8C15BA00ED81D9 /* PBXTargetDependency */,
			);
			name = ZillianceTests;
			productName = ZillianceTests;
			productReference = E35668421E8C15BA00ED81D9 /* ZillianceTests.xctest */;
			productType = "com.apple.product-type.bundle.unit-test";
		};
		E356684C1E8C15BA00ED81D9 /* ZillianceUITests */ = {
			isa = PBXNativeTarget;
			buildConfigurationList = E356685C1E8C15BA00ED81D9 /* Build configuration list for PBXNativeTarget "ZillianceUITests" */;
			buildPhases = (
				B33A38C67DA48D941E6A42BC /* [CP] Check Pods Manifest.lock */,
				E35668491E8C15BA00ED81D9 /* Sources */,
				E356684A1E8C15BA00ED81D9 /* Frameworks */,
				E356684B1E8C15BA00ED81D9 /* Resources */,
				79A1724027275C1F76FBFEEC /* [CP] Embed Pods Frameworks */,
				136849D793A486C74C54C9B0 /* [CP] Copy Pods Resources */,
			);
			buildRules = (
			);
			dependencies = (
				E356684F1E8C15BA00ED81D9 /* PBXTargetDependency */,
			);
			name = ZillianceUITests;
			productName = ZillianceUITests;
			productReference = E356684D1E8C15BA00ED81D9 /* ZillianceUITests.xctest */;
			productType = "com.apple.product-type.bundle.ui-testing";
		};
/* End PBXNativeTarget section */

/* Begin PBXProject section */
		E35668261E8C15BA00ED81D9 /* Project object */ = {
			isa = PBXProject;
			attributes = {
				LastSwiftUpdateCheck = 0830;
				LastUpgradeCheck = 0830;
				ORGANIZATIONNAME = Pillars4Life;
				TargetAttributes = {
					E356682D1E8C15BA00ED81D9 = {
						CreatedOnToolsVersion = 8.3;
						DevelopmentTeam = GFYH5G57YM;
						ProvisioningStyle = Automatic;
					};
					E35668411E8C15BA00ED81D9 = {
						CreatedOnToolsVersion = 8.3;
						DevelopmentTeam = GFYH5G57YM;
						ProvisioningStyle = Automatic;
						TestTargetID = E356682D1E8C15BA00ED81D9;
					};
					E356684C1E8C15BA00ED81D9 = {
						CreatedOnToolsVersion = 8.3;
						DevelopmentTeam = GFYH5G57YM;
						ProvisioningStyle = Automatic;
						TestTargetID = E356682D1E8C15BA00ED81D9;
					};
				};
			};
			buildConfigurationList = E35668291E8C15BA00ED81D9 /* Build configuration list for PBXProject "Zilliance" */;
			compatibilityVersion = "Xcode 3.2";
			developmentRegion = English;
			hasScannedForEncodings = 0;
			knownRegions = (
				en,
				Base,
			);
			mainGroup = E35668251E8C15BA00ED81D9;
			productRefGroup = E356682F1E8C15BA00ED81D9 /* Products */;
			projectDirPath = "";
			projectRoot = "";
			targets = (
				E356682D1E8C15BA00ED81D9 /* Zilliance */,
				E35668411E8C15BA00ED81D9 /* ZillianceTests */,
				E356684C1E8C15BA00ED81D9 /* ZillianceUITests */,
			);
		};
/* End PBXProject section */

/* Begin PBXResourcesBuildPhase section */
		E356682C1E8C15BA00ED81D9 /* Resources */ = {
			isa = PBXResourcesBuildPhase;
			buildActionMask = 2147483647;
			files = (
				8CDAB8DA1E9BF42F006BFD4B /* FavoriteActivity.storyboard in Resources */,
				04B29A631E97AB340090E52E /* ItemsSelection.storyboard in Resources */,
				8CBBBE181E9558D600281C3C /* Calendar.storyboard in Resources */,
				8C3EA4991E93F85C00F56DED /* Muli-SemiBold.ttf in Resources */,
				8C3EA4921E93F85C00F56DED /* Muli-ExtraBoldItalic.ttf in Resources */,
				042576FF1EC10D27003C465F /* TextImprovementsExamples.plist in Resources */,
				8CC4C9621EC1165C004DF0D5 /* ExamplePopUp.storyboard in Resources */,
				8C3EA4951E93F85C00F56DED /* Muli-Italic.ttf in Resources */,
				8CC4C95D1EB7C0A0004DF0D5 /* VideoPlayer.storyboard in Resources */,
				8C3EA4971E93F85C00F56DED /* Muli-LightItalic.ttf in Resources */,
				8CBBBE1D1E95890700281C3C /* AddCustom.storyboard in Resources */,
				8C3EA4981E93F85C00F56DED /* Muli-Regular.ttf in Resources */,
				04647C721E97D8450040CA46 /* FineTuneActivity.storyboard in Resources */,
				8C3EA48F1E93F85C00F56DED /* Muli-Bold.ttf in Resources */,
				E39915DD1EC23BD700E9EE26 /* zilliance terms of service.html in Resources */,
				041C3CBA1EA55C6400C52195 /* SideMenu.storyboard in Resources */,
				E356683C1E8C15BA00ED81D9 /* LaunchScreen.storyboard in Resources */,
				041C3CD81EA8062500C52195 /* zilliance privacy policy.html in Resources */,
				8C3EA4931E93F85C00F56DED /* Muli-ExtraLight.ttf in Resources */,
				8C3EA49A1E93F85C00F56DED /* Muli-SemiBoldItalic.ttf in Resources */,
				8C37CF001F0E94850083F38C /* Intro.storyboard in Resources */,
				E314B6F21EBB93E0001D0FF5 /* faq.html in Resources */,
				8C4D28C71E96CFEE00034A20 /* Onboarding.storyboard in Resources */,
				8C4EAE1B1EA15B2F00D800E4 /* FineTuneItems.storyboard in Resources */,
				8C3EA49C1E9425A600F56DED /* Pie.storyboard in Resources */,
				8C3EA4941E93F85C00F56DED /* Muli-ExtraLightItalic.ttf in Resources */,
				E35668391E8C15BA00ED81D9 /* Assets.xcassets in Resources */,
				8C3EA4961E93F85C00F56DED /* Muli-Light.ttf in Resources */,
				8C3EA48E1E93F85C00F56DED /* Muli-BlackItalic.ttf in Resources */,
				8C3EA4901E93F85C00F56DED /* Muli-BoldItalic.ttf in Resources */,
				8C3EA48D1E93F85C00F56DED /* Muli-Black.ttf in Resources */,
				041C3CCE1EA7F5A000C52195 /* WebView.storyboard in Resources */,
				8C3EA4911E93F85C00F56DED /* Muli-ExtraBold.ttf in Resources */,
			);
			runOnlyForDeploymentPostprocessing = 0;
		};
		E35668401E8C15BA00ED81D9 /* Resources */ = {
			isa = PBXResourcesBuildPhase;
			buildActionMask = 2147483647;
			files = (
			);
			runOnlyForDeploymentPostprocessing = 0;
		};
		E356684B1E8C15BA00ED81D9 /* Resources */ = {
			isa = PBXResourcesBuildPhase;
			buildActionMask = 2147483647;
			files = (
			);
			runOnlyForDeploymentPostprocessing = 0;
		};
/* End PBXResourcesBuildPhase section */

/* Begin PBXShellScriptBuildPhase section */
		136849D793A486C74C54C9B0 /* [CP] Copy Pods Resources */ = {
			isa = PBXShellScriptBuildPhase;
			buildActionMask = 2147483647;
			files = (
			);
			inputPaths = (
			);
			name = "[CP] Copy Pods Resources";
			outputPaths = (
			);
			runOnlyForDeploymentPostprocessing = 0;
			shellPath = /bin/sh;
			shellScript = "\"${SRCROOT}/Pods/Target Support Files/Pods-ZillianceUITests/Pods-ZillianceUITests-resources.sh\"\n";
			showEnvVarsInLog = 0;
		};
		220460F294D733D5D1939564 /* [CP] Copy Pods Resources */ = {
			isa = PBXShellScriptBuildPhase;
			buildActionMask = 2147483647;
			files = (
			);
			inputPaths = (
			);
			name = "[CP] Copy Pods Resources";
			outputPaths = (
			);
			runOnlyForDeploymentPostprocessing = 0;
			shellPath = /bin/sh;
			shellScript = "\"${SRCROOT}/Pods/Target Support Files/Pods-ZillianceTests/Pods-ZillianceTests-resources.sh\"\n";
			showEnvVarsInLog = 0;
		};
		2547C34033AD84E194E98274 /* [CP] Check Pods Manifest.lock */ = {
			isa = PBXShellScriptBuildPhase;
			buildActionMask = 2147483647;
			files = (
			);
			inputPaths = (
			);
			name = "[CP] Check Pods Manifest.lock";
			outputPaths = (
			);
			runOnlyForDeploymentPostprocessing = 0;
			shellPath = /bin/sh;
			shellScript = "diff \"${PODS_PODFILE_DIR_PATH}/Podfile.lock\" \"${PODS_ROOT}/Manifest.lock\" > /dev/null\nif [ $? != 0 ] ; then\n    # print error to STDERR\n    echo \"error: The sandbox is not in sync with the Podfile.lock. Run 'pod install' or update your CocoaPods installation.\" >&2\n    exit 1\nfi\n";
			showEnvVarsInLog = 0;
		};
		79A1724027275C1F76FBFEEC /* [CP] Embed Pods Frameworks */ = {
			isa = PBXShellScriptBuildPhase;
			buildActionMask = 2147483647;
			files = (
			);
			inputPaths = (
			);
			name = "[CP] Embed Pods Frameworks";
			outputPaths = (
			);
			runOnlyForDeploymentPostprocessing = 0;
			shellPath = /bin/sh;
			shellScript = "\"${SRCROOT}/Pods/Target Support Files/Pods-ZillianceUITests/Pods-ZillianceUITests-frameworks.sh\"\n";
			showEnvVarsInLog = 0;
		};
		86A7359668FF68C4A057FC40 /* [CP] Embed Pods Frameworks */ = {
			isa = PBXShellScriptBuildPhase;
			buildActionMask = 2147483647;
			files = (
			);
			inputPaths = (
			);
			name = "[CP] Embed Pods Frameworks";
			outputPaths = (
			);
			runOnlyForDeploymentPostprocessing = 0;
			shellPath = /bin/sh;
			shellScript = "\"${SRCROOT}/Pods/Target Support Files/Pods-ZillianceTests/Pods-ZillianceTests-frameworks.sh\"\n";
			showEnvVarsInLog = 0;
		};
		AF912AD82B1A11D552E45AA7 /* [CP] Embed Pods Frameworks */ = {
			isa = PBXShellScriptBuildPhase;
			buildActionMask = 2147483647;
			files = (
			);
			inputPaths = (
			);
			name = "[CP] Embed Pods Frameworks";
			outputPaths = (
			);
			runOnlyForDeploymentPostprocessing = 0;
			shellPath = /bin/sh;
			shellScript = "\"${SRCROOT}/Pods/Target Support Files/Pods-Zilliance/Pods-Zilliance-frameworks.sh\"\n";
			showEnvVarsInLog = 0;
		};
		B33A38C67DA48D941E6A42BC /* [CP] Check Pods Manifest.lock */ = {
			isa = PBXShellScriptBuildPhase;
			buildActionMask = 2147483647;
			files = (
			);
			inputPaths = (
			);
			name = "[CP] Check Pods Manifest.lock";
			outputPaths = (
			);
			runOnlyForDeploymentPostprocessing = 0;
			shellPath = /bin/sh;
			shellScript = "diff \"${PODS_PODFILE_DIR_PATH}/Podfile.lock\" \"${PODS_ROOT}/Manifest.lock\" > /dev/null\nif [ $? != 0 ] ; then\n    # print error to STDERR\n    echo \"error: The sandbox is not in sync with the Podfile.lock. Run 'pod install' or update your CocoaPods installation.\" >&2\n    exit 1\nfi\n";
			showEnvVarsInLog = 0;
		};
		CC96D57B1A0C8E46B6E821FD /* [CP] Copy Pods Resources */ = {
			isa = PBXShellScriptBuildPhase;
			buildActionMask = 2147483647;
			files = (
			);
			inputPaths = (
			);
			name = "[CP] Copy Pods Resources";
			outputPaths = (
			);
			runOnlyForDeploymentPostprocessing = 0;
			shellPath = /bin/sh;
			shellScript = "\"${SRCROOT}/Pods/Target Support Files/Pods-Zilliance/Pods-Zilliance-resources.sh\"\n";
			showEnvVarsInLog = 0;
		};
		E62C2671758F4752F2EE9B07 /* [CP] Check Pods Manifest.lock */ = {
			isa = PBXShellScriptBuildPhase;
			buildActionMask = 2147483647;
			files = (
			);
			inputPaths = (
			);
			name = "[CP] Check Pods Manifest.lock";
			outputPaths = (
			);
			runOnlyForDeploymentPostprocessing = 0;
			shellPath = /bin/sh;
			shellScript = "diff \"${PODS_PODFILE_DIR_PATH}/Podfile.lock\" \"${PODS_ROOT}/Manifest.lock\" > /dev/null\nif [ $? != 0 ] ; then\n    # print error to STDERR\n    echo \"error: The sandbox is not in sync with the Podfile.lock. Run 'pod install' or update your CocoaPods installation.\" >&2\n    exit 1\nfi\n";
			showEnvVarsInLog = 0;
		};
/* End PBXShellScriptBuildPhase section */

/* Begin PBXSourcesBuildPhase section */
		E356682A1E8C15BA00ED81D9 /* Sources */ = {
			isa = PBXSourcesBuildPhase;
			buildActionMask = 2147483647;
			files = (
				E3703C561EB3DA960004C5BD /* AboutCompanyViewController.swift in Sources */,
				8C4D28C91E96D1A400034A20 /* OnboardingPageViewController.swift in Sources */,
				E3E80A451EA15526004A44AF /* UserActivityTableViewCell.swift in Sources */,
				8C3EA4631E92E7BF00F56DED /* Activity.swift in Sources */,
				04647C7D1E9BFD4B0040CA46 /* AddSliceViewController.swift in Sources */,
				8C3EA47C1E92F0F100F56DED /* CalendarHelper.swift in Sources */,
				8C3EA4751E92E9D600F56DED /* UIFont+CustomFonts.swift in Sources */,
				8C51C0651EB27E1400A7BF34 /* ZillianceTextViewController.swift in Sources */,
				8C3EA49E1E94274600F56DED /* PieViewController.swift in Sources */,
				8CBBBE211E958B6300281C3C /* AddValuesViewController.swift in Sources */,
				04E6F56C1E9F804000EBD119 /* DetachableObject.swift in Sources */,
				8C3EA4711E92E9D600F56DED /* Minutes+Extensions.swift in Sources */,
				E35668321E8C15BA00ED81D9 /* AppDelegate.swift in Sources */,
				8C3EA4731E92E9D600F56DED /* UIColor+CustomColors.swift in Sources */,
				8C4D28C41E9694F800034A20 /* App.swift in Sources */,
				042577011EC10D44003C465F /* TextImprovementsExamples.swift in Sources */,
				8CBBBE1A1E9576F800281C3C /* AddToCalendarViewController.swift in Sources */,
				8C3EA4721E92E9D600F56DED /* String+Extensions.swift in Sources */,
				E38910E51EA698A5000E1511 /* UIViewController+Alerts.swift in Sources */,
				8CBBBE201E958B6300281C3C /* AddActivityViewController.swift in Sources */,
				8C3EA4651E92E7BF00F56DED /* Value.swift in Sources */,
				0469D0AE1E944B700024EA39 /* UserActivity.swift in Sources */,
				8C3EA47D1E92F0F100F56DED /* LocalNotificationsHelper.swift in Sources */,
				04B29A671E97AB680090E52E /* PartialSizePresentationController.swift in Sources */,
				8C3EA4611E92E7BF00F56DED /* Database.swift in Sources */,
				8C0A87C91EB12D9C000E4188 /* PartialModalTransition.swift in Sources */,
				04647C751E97D85C0040CA46 /* FineTuneActivityViewController.swift in Sources */,
				8C37CF021F0EAEEB0083F38C /* IntroViewController.swift in Sources */,
				E3703C581EB3E8F80004C5BD /* PlacholderSidebarItemViewController.swift in Sources */,
				041C3CD01EA7F65A00C52195 /* WebViewController.swift in Sources */,
				E311C3341EB135F800CF23D1 /* PieHintView.swift in Sources */,
				E3E80A471EA17CBB004A44AF /* FineTuneItemViewController.swift in Sources */,
				8C3EA4641E92E7BF00F56DED /* ArrayDataSource.swift in Sources */,
				04E6F5671E9E7FEC00EBD119 /* EmbeddedFeelingTableViewModel.swift in Sources */,
				8C3EA4781E92EF9C00F56DED /* HoursProgressView.swift in Sources */,
				8C3EA46F1E92E9D600F56DED /* UIImage+Extensions.swift in Sources */,
				E39915DB1EC22EC500E9EE26 /* OnboardingPopover.swift in Sources */,
				8C3EA4621E92E7BF00F56DED /* User.swift in Sources */,
				04B29A651E97AB4A0090E52E /* ItemsSelectionViewController.swift in Sources */,
				04E6F56E1E9F8CDB00EBD119 /* EditActivityViewController.swift in Sources */,
				8CC4C9641EC11889004DF0D5 /* ExamplePopUpViewController.swift in Sources */,
				E33247971EB42A77009E112A /* UITableViewCell+Extensions.swift in Sources */,
				8C3EA4761E92E9D600F56DED /* UIViewController+Extensions.swift in Sources */,
				8C3EA45A1E92E6D000F56DED /* PieView.swift in Sources */,
				8C3EA4701E92E9D600F56DED /* Int+Extensions.swift in Sources */,
				8C3EA4741E92E9D600F56DED /* UIDevice+Extensions.swift in Sources */,
				041C3CB71EA55BA100C52195 /* CustomSideViewController.swift in Sources */,
				E311C3321EB126A700CF23D1 /* PieLegendView.swift in Sources */,
				8C4EAE191E9FCD3500D800E4 /* FavoriteActivityViewController.swift in Sources */,
				8CC4C95F1EB7C0E5004DF0D5 /* VideoPlayerViewController.swift in Sources */,
				041C3CBC1EA55D8D00C52195 /* LeftMenuViewController.swift in Sources */,
				8CBBBE231E95925700281C3C /* IconCollectionViewCell.swift in Sources */,
			);
			runOnlyForDeploymentPostprocessing = 0;
		};
		E356683E1E8C15BA00ED81D9 /* Sources */ = {
			isa = PBXSourcesBuildPhase;
			buildActionMask = 2147483647;
			files = (
				E35668471E8C15BA00ED81D9 /* ZillianceTests.swift in Sources */,
			);
			runOnlyForDeploymentPostprocessing = 0;
		};
		E35668491E8C15BA00ED81D9 /* Sources */ = {
			isa = PBXSourcesBuildPhase;
			buildActionMask = 2147483647;
			files = (
				E35668521E8C15BA00ED81D9 /* ZillianceUITests.swift in Sources */,
			);
			runOnlyForDeploymentPostprocessing = 0;
		};
/* End PBXSourcesBuildPhase section */

/* Begin PBXTargetDependency section */
		E35668441E8C15BA00ED81D9 /* PBXTargetDependency */ = {
			isa = PBXTargetDependency;
			target = E356682D1E8C15BA00ED81D9 /* Zilliance */;
			targetProxy = E35668431E8C15BA00ED81D9 /* PBXContainerItemProxy */;
		};
		E356684F1E8C15BA00ED81D9 /* PBXTargetDependency */ = {
			isa = PBXTargetDependency;
			target = E356682D1E8C15BA00ED81D9 /* Zilliance */;
			targetProxy = E356684E1E8C15BA00ED81D9 /* PBXContainerItemProxy */;
		};
/* End PBXTargetDependency section */

/* Begin PBXVariantGroup section */
		E356683A1E8C15BA00ED81D9 /* LaunchScreen.storyboard */ = {
			isa = PBXVariantGroup;
			children = (
				E356683B1E8C15BA00ED81D9 /* Base */,
			);
			name = LaunchScreen.storyboard;
			sourceTree = "<group>";
		};
/* End PBXVariantGroup section */

/* Begin XCBuildConfiguration section */
		E35668541E8C15BA00ED81D9 /* Debug */ = {
			isa = XCBuildConfiguration;
			buildSettings = {
				ALWAYS_SEARCH_USER_PATHS = NO;
				CLANG_ANALYZER_NONNULL = YES;
				CLANG_ANALYZER_NUMBER_OBJECT_CONVERSION = YES_AGGRESSIVE;
				CLANG_CXX_LANGUAGE_STANDARD = "gnu++0x";
				CLANG_CXX_LIBRARY = "libc++";
				CLANG_ENABLE_MODULES = YES;
				CLANG_ENABLE_OBJC_ARC = YES;
				CLANG_WARN_BOOL_CONVERSION = YES;
				CLANG_WARN_CONSTANT_CONVERSION = YES;
				CLANG_WARN_DIRECT_OBJC_ISA_USAGE = YES_ERROR;
				CLANG_WARN_DOCUMENTATION_COMMENTS = YES;
				CLANG_WARN_EMPTY_BODY = YES;
				CLANG_WARN_ENUM_CONVERSION = YES;
				CLANG_WARN_INFINITE_RECURSION = YES;
				CLANG_WARN_INT_CONVERSION = YES;
				CLANG_WARN_OBJC_ROOT_CLASS = YES_ERROR;
				CLANG_WARN_SUSPICIOUS_MOVE = YES;
				CLANG_WARN_UNREACHABLE_CODE = YES;
				CLANG_WARN__DUPLICATE_METHOD_MATCH = YES;
				"CODE_SIGN_IDENTITY[sdk=iphoneos*]" = "iPhone Developer";
				COPY_PHASE_STRIP = NO;
				DEBUG_INFORMATION_FORMAT = dwarf;
				ENABLE_STRICT_OBJC_MSGSEND = YES;
				ENABLE_TESTABILITY = YES;
				GCC_C_LANGUAGE_STANDARD = gnu99;
				GCC_DYNAMIC_NO_PIC = NO;
				GCC_NO_COMMON_BLOCKS = YES;
				GCC_OPTIMIZATION_LEVEL = 0;
				GCC_PREPROCESSOR_DEFINITIONS = (
					"DEBUG=1",
					"$(inherited)",
				);
				GCC_WARN_64_TO_32_BIT_CONVERSION = YES;
				GCC_WARN_ABOUT_RETURN_TYPE = YES_ERROR;
				GCC_WARN_UNDECLARED_SELECTOR = YES;
				GCC_WARN_UNINITIALIZED_AUTOS = YES_AGGRESSIVE;
				GCC_WARN_UNUSED_FUNCTION = YES;
				GCC_WARN_UNUSED_VARIABLE = YES;
				IPHONEOS_DEPLOYMENT_TARGET = 10.3;
				MTL_ENABLE_DEBUG_INFO = YES;
				ONLY_ACTIVE_ARCH = YES;
				SDKROOT = iphoneos;
				SWIFT_ACTIVE_COMPILATION_CONDITIONS = DEBUG;
				SWIFT_OPTIMIZATION_LEVEL = "-Onone";
			};
			name = Debug;
		};
		E35668551E8C15BA00ED81D9 /* Release */ = {
			isa = XCBuildConfiguration;
			buildSettings = {
				ALWAYS_SEARCH_USER_PATHS = NO;
				CLANG_ANALYZER_NONNULL = YES;
				CLANG_ANALYZER_NUMBER_OBJECT_CONVERSION = YES_AGGRESSIVE;
				CLANG_CXX_LANGUAGE_STANDARD = "gnu++0x";
				CLANG_CXX_LIBRARY = "libc++";
				CLANG_ENABLE_MODULES = YES;
				CLANG_ENABLE_OBJC_ARC = YES;
				CLANG_WARN_BOOL_CONVERSION = YES;
				CLANG_WARN_CONSTANT_CONVERSION = YES;
				CLANG_WARN_DIRECT_OBJC_ISA_USAGE = YES_ERROR;
				CLANG_WARN_DOCUMENTATION_COMMENTS = YES;
				CLANG_WARN_EMPTY_BODY = YES;
				CLANG_WARN_ENUM_CONVERSION = YES;
				CLANG_WARN_INFINITE_RECURSION = YES;
				CLANG_WARN_INT_CONVERSION = YES;
				CLANG_WARN_OBJC_ROOT_CLASS = YES_ERROR;
				CLANG_WARN_SUSPICIOUS_MOVE = YES;
				CLANG_WARN_UNREACHABLE_CODE = YES;
				CLANG_WARN__DUPLICATE_METHOD_MATCH = YES;
				"CODE_SIGN_IDENTITY[sdk=iphoneos*]" = "iPhone Developer";
				COPY_PHASE_STRIP = NO;
				DEBUG_INFORMATION_FORMAT = "dwarf-with-dsym";
				ENABLE_NS_ASSERTIONS = NO;
				ENABLE_STRICT_OBJC_MSGSEND = YES;
				GCC_C_LANGUAGE_STANDARD = gnu99;
				GCC_NO_COMMON_BLOCKS = YES;
				GCC_WARN_64_TO_32_BIT_CONVERSION = YES;
				GCC_WARN_ABOUT_RETURN_TYPE = YES_ERROR;
				GCC_WARN_UNDECLARED_SELECTOR = YES;
				GCC_WARN_UNINITIALIZED_AUTOS = YES_AGGRESSIVE;
				GCC_WARN_UNUSED_FUNCTION = YES;
				GCC_WARN_UNUSED_VARIABLE = YES;
				IPHONEOS_DEPLOYMENT_TARGET = 10.3;
				MTL_ENABLE_DEBUG_INFO = NO;
				SDKROOT = iphoneos;
				SWIFT_OPTIMIZATION_LEVEL = "-Owholemodule";
				VALIDATE_PRODUCT = YES;
			};
			name = Release;
		};
		E35668571E8C15BA00ED81D9 /* Debug */ = {
			isa = XCBuildConfiguration;
			baseConfigurationReference = 2D5A61EEA6A77027635EDAC1 /* Pods-Zilliance.debug.xcconfig */;
			buildSettings = {
				ASSETCATALOG_COMPILER_APPICON_NAME = AppIcon;
				DEVELOPMENT_TEAM = GFYH5G57YM;
				INFOPLIST_FILE = Zilliance/Info.plist;
				IPHONEOS_DEPLOYMENT_TARGET = 9.3;
				LD_RUNPATH_SEARCH_PATHS = "$(inherited) @executable_path/Frameworks";
				PRODUCT_BUNDLE_IDENTIFIER = "com.zilliance.balance-pie";
				PRODUCT_NAME = "$(TARGET_NAME)";
				SWIFT_VERSION = 3.0;
			};
			name = Debug;
		};
		E35668581E8C15BA00ED81D9 /* Release */ = {
			isa = XCBuildConfiguration;
			baseConfigurationReference = 6023B31C79A6506116A83550 /* Pods-Zilliance.release.xcconfig */;
			buildSettings = {
				ASSETCATALOG_COMPILER_APPICON_NAME = AppIcon;
				DEVELOPMENT_TEAM = GFYH5G57YM;
				INFOPLIST_FILE = Zilliance/Info.plist;
				IPHONEOS_DEPLOYMENT_TARGET = 9.3;
				LD_RUNPATH_SEARCH_PATHS = "$(inherited) @executable_path/Frameworks";
				PRODUCT_BUNDLE_IDENTIFIER = "com.zilliance.balance-pie";
				PRODUCT_NAME = "$(TARGET_NAME)";
				SWIFT_VERSION = 3.0;
			};
			name = Release;
		};
		E356685A1E8C15BA00ED81D9 /* Debug */ = {
			isa = XCBuildConfiguration;
			baseConfigurationReference = 6FED0BD8DBA2228B5E916020 /* Pods-ZillianceTests.debug.xcconfig */;
			buildSettings = {
				ALWAYS_EMBED_SWIFT_STANDARD_LIBRARIES = YES;
				BUNDLE_LOADER = "$(TEST_HOST)";
				DEVELOPMENT_TEAM = GFYH5G57YM;
				INFOPLIST_FILE = ZillianceTests/Info.plist;
				LD_RUNPATH_SEARCH_PATHS = "$(inherited) @executable_path/Frameworks @loader_path/Frameworks";
				PRODUCT_BUNDLE_IDENTIFIER = com.pillars4life.ZillianceTests;
				PRODUCT_NAME = "$(TARGET_NAME)";
				SWIFT_VERSION = 3.0;
				TEST_HOST = "$(BUILT_PRODUCTS_DIR)/Zilliance.app/Zilliance";
			};
			name = Debug;
		};
		E356685B1E8C15BA00ED81D9 /* Release */ = {
			isa = XCBuildConfiguration;
			baseConfigurationReference = D2CBE99AE0B6F1497DB66ABA /* Pods-ZillianceTests.release.xcconfig */;
			buildSettings = {
				ALWAYS_EMBED_SWIFT_STANDARD_LIBRARIES = YES;
				BUNDLE_LOADER = "$(TEST_HOST)";
				DEVELOPMENT_TEAM = GFYH5G57YM;
				INFOPLIST_FILE = ZillianceTests/Info.plist;
				LD_RUNPATH_SEARCH_PATHS = "$(inherited) @executable_path/Frameworks @loader_path/Frameworks";
				PRODUCT_BUNDLE_IDENTIFIER = com.pillars4life.ZillianceTests;
				PRODUCT_NAME = "$(TARGET_NAME)";
				SWIFT_VERSION = 3.0;
				TEST_HOST = "$(BUILT_PRODUCTS_DIR)/Zilliance.app/Zilliance";
			};
			name = Release;
		};
		E356685D1E8C15BA00ED81D9 /* Debug */ = {
			isa = XCBuildConfiguration;
			baseConfigurationReference = 3770342A51232B23DA4673E7 /* Pods-ZillianceUITests.debug.xcconfig */;
			buildSettings = {
				ALWAYS_EMBED_SWIFT_STANDARD_LIBRARIES = YES;
				DEVELOPMENT_TEAM = GFYH5G57YM;
				INFOPLIST_FILE = ZillianceUITests/Info.plist;
				LD_RUNPATH_SEARCH_PATHS = "$(inherited) @executable_path/Frameworks @loader_path/Frameworks";
				PRODUCT_BUNDLE_IDENTIFIER = com.pillars4life.ZillianceUITests;
				PRODUCT_NAME = "$(TARGET_NAME)";
				SWIFT_VERSION = 3.0;
				TEST_TARGET_NAME = Zilliance;
			};
			name = Debug;
		};
		E356685E1E8C15BA00ED81D9 /* Release */ = {
			isa = XCBuildConfiguration;
			baseConfigurationReference = FEC5A0602B35F92656E0CD4F /* Pods-ZillianceUITests.release.xcconfig */;
			buildSettings = {
				ALWAYS_EMBED_SWIFT_STANDARD_LIBRARIES = YES;
				DEVELOPMENT_TEAM = GFYH5G57YM;
				INFOPLIST_FILE = ZillianceUITests/Info.plist;
				LD_RUNPATH_SEARCH_PATHS = "$(inherited) @executable_path/Frameworks @loader_path/Frameworks";
				PRODUCT_BUNDLE_IDENTIFIER = com.pillars4life.ZillianceUITests;
				PRODUCT_NAME = "$(TARGET_NAME)";
				SWIFT_VERSION = 3.0;
				TEST_TARGET_NAME = Zilliance;
			};
			name = Release;
		};
/* End XCBuildConfiguration section */

/* Begin XCConfigurationList section */
		E35668291E8C15BA00ED81D9 /* Build configuration list for PBXProject "Zilliance" */ = {
			isa = XCConfigurationList;
			buildConfigurations = (
				E35668541E8C15BA00ED81D9 /* Debug */,
				E35668551E8C15BA00ED81D9 /* Release */,
			);
			defaultConfigurationIsVisible = 0;
			defaultConfigurationName = Release;
		};
		E35668561E8C15BA00ED81D9 /* Build configuration list for PBXNativeTarget "Zilliance" */ = {
			isa = XCConfigurationList;
			buildConfigurations = (
				E35668571E8C15BA00ED81D9 /* Debug */,
				E35668581E8C15BA00ED81D9 /* Release */,
			);
			defaultConfigurationIsVisible = 0;
			defaultConfigurationName = Release;
		};
		E35668591E8C15BA00ED81D9 /* Build configuration list for PBXNativeTarget "ZillianceTests" */ = {
			isa = XCConfigurationList;
			buildConfigurations = (
				E356685A1E8C15BA00ED81D9 /* Debug */,
				E356685B1E8C15BA00ED81D9 /* Release */,
			);
			defaultConfigurationIsVisible = 0;
			defaultConfigurationName = Release;
		};
		E356685C1E8C15BA00ED81D9 /* Build configuration list for PBXNativeTarget "ZillianceUITests" */ = {
			isa = XCConfigurationList;
			buildConfigurations = (
				E356685D1E8C15BA00ED81D9 /* Debug */,
				E356685E1E8C15BA00ED81D9 /* Release */,
			);
			defaultConfigurationIsVisible = 0;
			defaultConfigurationName = Release;
		};
/* End XCConfigurationList section */
	};
	rootObject = E35668261E8C15BA00ED81D9 /* Project object */;
}
